// !$*UTF8*$!
{
	archiveVersion = 1;
	classes = {
	};
	objectVersion = 46;
	objects = {

/* Begin PBXBuildFile section */
		3F0384EE1D9BC5F2004D5423 /* NetWorkRequest.m in Sources */ = {isa = PBXBuildFile; fileRef = 3F0384ED1D9BC5F2004D5423 /* NetWorkRequest.m */; };
		3F03851C1D9C04B1004D5423 /* MenuTableViewCell.m in Sources */ = {isa = PBXBuildFile; fileRef = 3F03851A1D9C04B1004D5423 /* MenuTableViewCell.m */; };
		3F03851D1D9C04B1004D5423 /* MenuTableViewCell.xib in Resources */ = {isa = PBXBuildFile; fileRef = 3F03851B1D9C04B1004D5423 /* MenuTableViewCell.xib */; };
		3F0385231D9C0533004D5423 /* LeftMenuViewController.m in Sources */ = {isa = PBXBuildFile; fileRef = 3F0385201D9C0533004D5423 /* LeftMenuViewController.m */; };
		3F0385241D9C0533004D5423 /* RightMenViewController.m in Sources */ = {isa = PBXBuildFile; fileRef = 3F0385221D9C0533004D5423 /* RightMenViewController.m */; };
		3F03852B1D9C07DF004D5423 /* 趋势.png in Resources */ = {isa = PBXBuildFile; fileRef = 3F0385261D9C07DF004D5423 /* 趋势.png */; };
		3F03852C1D9C07DF004D5423 /* 设置.png in Resources */ = {isa = PBXBuildFile; fileRef = 3F0385271D9C07DF004D5423 /* 设置.png */; };
		3F03852D1D9C07DF004D5423 /* 生活.png in Resources */ = {isa = PBXBuildFile; fileRef = 3F0385281D9C07DF004D5423 /* 生活.png */; };
		3F03852E1D9C07DF004D5423 /* 实景.png in Resources */ = {isa = PBXBuildFile; fileRef = 3F0385291D9C07DF004D5423 /* 实景.png */; };
		3F03852F1D9C07DF004D5423 /* 天气.png in Resources */ = {isa = PBXBuildFile; fileRef = 3F03852A1D9C07DF004D5423 /* 天气.png */; };
		3F0385331D9C1099004D5423 /* AddCitysCollectionViewCell.m in Sources */ = {isa = PBXBuildFile; fileRef = 3F0385311D9C1099004D5423 /* AddCitysCollectionViewCell.m */; };
		3F0385341D9C1099004D5423 /* AddCitysCollectionViewCell.xib in Resources */ = {isa = PBXBuildFile; fileRef = 3F0385321D9C1099004D5423 /* AddCitysCollectionViewCell.xib */; };
		3F0385361D9C9EBF004D5423 /* 图片.png in Resources */ = {isa = PBXBuildFile; fileRef = 3F0385351D9C9EBF004D5423 /* 图片.png */; };
		3F0385381D9CA6AC004D5423 /* 加号.png in Resources */ = {isa = PBXBuildFile; fileRef = 3F0385371D9CA6AC004D5423 /* 加号.png */; };
		3F0385401D9CCFD4004D5423 /* HotCityViewController.m in Sources */ = {isa = PBXBuildFile; fileRef = 3F03853F1D9CCFD4004D5423 /* HotCityViewController.m */; };
		3F0385431D9CE8FF004D5423 /* MoreCitysViewController.m in Sources */ = {isa = PBXBuildFile; fileRef = 3F0385421D9CE8FF004D5423 /* MoreCitysViewController.m */; };
		3F0385471D9CEA8A004D5423 /* MoreCityTableViewCell.m in Sources */ = {isa = PBXBuildFile; fileRef = 3F0385451D9CEA8A004D5423 /* MoreCityTableViewCell.m */; };
		3F0385481D9CEA8A004D5423 /* MoreCityTableViewCell.xib in Resources */ = {isa = PBXBuildFile; fileRef = 3F0385461D9CEA8A004D5423 /* MoreCityTableViewCell.xib */; };
		3F03854A1D9CEB3A004D5423 /* 向右.png in Resources */ = {isa = PBXBuildFile; fileRef = 3F0385491D9CEB3A004D5423 /* 向右.png */; };
		3F03854D1D9CF44D004D5423 /* DetailCityInfoViewController.m in Sources */ = {isa = PBXBuildFile; fileRef = 3F03854C1D9CF44D004D5423 /* DetailCityInfoViewController.m */; };
		3F0385541D9CF527004D5423 /* DetailCityTableViewCell.m in Sources */ = {isa = PBXBuildFile; fileRef = 3F0385521D9CF527004D5423 /* DetailCityTableViewCell.m */; };
		3F0385551D9CF527004D5423 /* DetailCityTableViewCell.xib in Resources */ = {isa = PBXBuildFile; fileRef = 3F0385531D9CF527004D5423 /* DetailCityTableViewCell.xib */; };
		3F0385581D9CF919004D5423 /* ForeignCitysViewController.m in Sources */ = {isa = PBXBuildFile; fileRef = 3F0385571D9CF919004D5423 /* ForeignCitysViewController.m */; };
		3F5433201DA9040500E4D290 /* 添加.png in Resources */ = {isa = PBXBuildFile; fileRef = 3F54331F1DA9040500E4D290 /* 添加.png */; };
		3F5433221DA9043000E4D290 /* hotCity.plist in Resources */ = {isa = PBXBuildFile; fileRef = 3F5433211DA9043000E4D290 /* hotCity.plist */; };
		3F5433261DA9045F00E4D290 /* AddCollectionViewCell.m in Sources */ = {isa = PBXBuildFile; fileRef = 3F5433241DA9045F00E4D290 /* AddCollectionViewCell.m */; };
		3F5433271DA9045F00E4D290 /* AddCollectionViewCell.xib in Resources */ = {isa = PBXBuildFile; fileRef = 3F5433251DA9045F00E4D290 /* AddCollectionViewCell.xib */; };
		3F6B08751DA8B0E100814A0F /* TTSConfig.m in Sources */ = {isa = PBXBuildFile; fileRef = 3F6B08741DA8B0E100814A0F /* TTSConfig.m */; };
		3F6B08781DA8B15800814A0F /* iflyMSC.framework in Frameworks */ = {isa = PBXBuildFile; fileRef = 3F6B08771DA8B15800814A0F /* iflyMSC.framework */; };
		3F6B087A1DA8B19900814A0F /* libz.tbd in Frameworks */ = {isa = PBXBuildFile; fileRef = 3F6B08791DA8B19900814A0F /* libz.tbd */; };
		3F6B087C1DA8B1A700814A0F /* CoreLocation.framework in Frameworks */ = {isa = PBXBuildFile; fileRef = 3F6B087B1DA8B1A700814A0F /* CoreLocation.framework */; };
		3F6B087E1DA8B1B200814A0F /* CoreTelephony.framework in Frameworks */ = {isa = PBXBuildFile; fileRef = 3F6B087D1DA8B1B200814A0F /* CoreTelephony.framework */; };
		3F6B08801DA8B1BD00814A0F /* AVFoundation.framework in Frameworks */ = {isa = PBXBuildFile; fileRef = 3F6B087F1DA8B1BD00814A0F /* AVFoundation.framework */; };
		3F6B08821DA8B1C900814A0F /* AddressBook.framework in Frameworks */ = {isa = PBXBuildFile; fileRef = 3F6B08811DA8B1C900814A0F /* AddressBook.framework */; };
		3F6B08841DA8B1D500814A0F /* AudioToolbox.framework in Frameworks */ = {isa = PBXBuildFile; fileRef = 3F6B08831DA8B1D500814A0F /* AudioToolbox.framework */; };
		3F6B08861DA8B1E100814A0F /* SystemConfiguration.framework in Frameworks */ = {isa = PBXBuildFile; fileRef = 3F6B08851DA8B1E100814A0F /* SystemConfiguration.framework */; };
		3F6B08881DA8B1EB00814A0F /* QuartzCore.framework in Frameworks */ = {isa = PBXBuildFile; fileRef = 3F6B08871DA8B1EB00814A0F /* QuartzCore.framework */; };
		3F6B088A1DA8B1F300814A0F /* UIKit.framework in Frameworks */ = {isa = PBXBuildFile; fileRef = 3F6B08891DA8B1F300814A0F /* UIKit.framework */; };
		3F6B088C1DA8B1FD00814A0F /* Foundation.framework in Frameworks */ = {isa = PBXBuildFile; fileRef = 3F6B088B1DA8B1FD00814A0F /* Foundation.framework */; };
		3F6B088E1DA8B20700814A0F /* CoreGraphics.framework in Frameworks */ = {isa = PBXBuildFile; fileRef = 3F6B088D1DA8B20700814A0F /* CoreGraphics.framework */; };
		3F6B08911DA8B39300814A0F /* AlertView.m in Sources */ = {isa = PBXBuildFile; fileRef = 3F6B08901DA8B39300814A0F /* AlertView.m */; };
		3F6B08951DA8B3D000814A0F /* PcmPlayer.m in Sources */ = {isa = PBXBuildFile; fileRef = 3F6B08931DA8B3D000814A0F /* PcmPlayer.m */; };
		3F6B089D1DA8C71E00814A0F /* AKPickerView.m in Sources */ = {isa = PBXBuildFile; fileRef = 3F6B08981DA8C71E00814A0F /* AKPickerView.m */; };
		3F6B089E1DA8C71E00814A0F /* SAMath.m in Sources */ = {isa = PBXBuildFile; fileRef = 3F6B089A1DA8C71E00814A0F /* SAMath.m */; };
		3F6B089F1DA8C71E00814A0F /* SAMultisectorControl.m in Sources */ = {isa = PBXBuildFile; fileRef = 3F6B089C1DA8C71E00814A0F /* SAMultisectorControl.m */; };
		3F6B08A61DA8D15000814A0F /* ChangeVoiceViewController.xib in Resources */ = {isa = PBXBuildFile; fileRef = 3F6B08A51DA8D15000814A0F /* ChangeVoiceViewController.xib */; };
		3FBEB69E1D9E36510092E47F /* CityInfoBaseClass.m in Sources */ = {isa = PBXBuildFile; fileRef = 3FBEB69A1D9E36510092E47F /* CityInfoBaseClass.m */; };
		3FBEB69F1D9E36510092E47F /* CityInfoCityInfo.m in Sources */ = {isa = PBXBuildFile; fileRef = 3FBEB69C1D9E36510092E47F /* CityInfoCityInfo.m */; };
		3FBEB6A11D9E36880092E47F /* cityData.plist in Resources */ = {isa = PBXBuildFile; fileRef = 3FBEB6A01D9E36880092E47F /* cityData.plist */; };
		3FBEB6A31D9E36E40092E47F /* allchina.plist in Resources */ = {isa = PBXBuildFile; fileRef = 3FBEB6A21D9E36E40092E47F /* allchina.plist */; };
		3FBEB6A51D9E4DE30092E47F /* mainCity.plist in Resources */ = {isa = PBXBuildFile; fileRef = 3FBEB6A41D9E4DE30092E47F /* mainCity.plist */; };
		3FBEB6A71D9E4EFA0092E47F /* country.plist in Resources */ = {isa = PBXBuildFile; fileRef = 3FBEB6A61D9E4EFA0092E47F /* country.plist */; };
		3FBEB6AA1D9E536B0092E47F /* ForeignCityViewController.m in Sources */ = {isa = PBXBuildFile; fileRef = 3FBEB6A91D9E536B0092E47F /* ForeignCityViewController.m */; };
		3FD3F8201D9D471900736C0B /* FallsCollectionViewCell.m in Sources */ = {isa = PBXBuildFile; fileRef = 3FD3F81E1D9D471900736C0B /* FallsCollectionViewCell.m */; };
		3FD3F8211D9D471900736C0B /* FallsCollectionViewCell.xib in Resources */ = {isa = PBXBuildFile; fileRef = 3FD3F81F1D9D471900736C0B /* FallsCollectionViewCell.xib */; };
		3FD3F8261D9D49DD00736C0B /* SettingViewController.m in Sources */ = {isa = PBXBuildFile; fileRef = 3FD3F8251D9D49DD00736C0B /* SettingViewController.m */; };
		3FD3F82A1D9D504F00736C0B /* XYtodayCollectionViewCell.m in Sources */ = {isa = PBXBuildFile; fileRef = 3FD3F8281D9D504F00736C0B /* XYtodayCollectionViewCell.m */; };
		3FD3F82B1D9D504F00736C0B /* XYtodayCollectionViewCell.xib in Resources */ = {isa = PBXBuildFile; fileRef = 3FD3F8291D9D504F00736C0B /* XYtodayCollectionViewCell.xib */; };
		3FD3F8391D9DED0400736C0B /* NewsBaseClass.m in Sources */ = {isa = PBXBuildFile; fileRef = 3FD3F8301D9DED0400736C0B /* NewsBaseClass.m */; };
		3FD3F83A1D9DED0400736C0B /* NewsImgextra.m in Sources */ = {isa = PBXBuildFile; fileRef = 3FD3F8321D9DED0400736C0B /* NewsImgextra.m */; };
		3FD3F83B1D9DED0400736C0B /* NewsInternalBaseClass1.m in Sources */ = {isa = PBXBuildFile; fileRef = 3FD3F8341D9DED0400736C0B /* NewsInternalBaseClass1.m */; };
		3FD3F83C1D9DED0400736C0B /* NewsLiveInfo.m in Sources */ = {isa = PBXBuildFile; fileRef = 3FD3F8361D9DED0400736C0B /* NewsLiveInfo.m */; };
		3FD3F83D1D9DED0400736C0B /* NewsWapPortalV2.m in Sources */ = {isa = PBXBuildFile; fileRef = 3FD3F8381D9DED0400736C0B /* NewsWapPortalV2.m */; };
		3FD3F8441D9E238E00736C0B /* style.css in Resources */ = {isa = PBXBuildFile; fileRef = 3FD3F8431D9E238E00736C0B /* style.css */; };
		3FD3F8471D9E4E9200736C0B /* ChangeVoiceViewController.m in Sources */ = {isa = PBXBuildFile; fileRef = 3FD3F8461D9E4E9200736C0B /* ChangeVoiceViewController.m */; };
		3FFF3A591D9B9FC80069B4A7 /* main.m in Sources */ = {isa = PBXBuildFile; fileRef = 3FFF3A581D9B9FC80069B4A7 /* main.m */; };
		3FFF3A5C1D9B9FC80069B4A7 /* AppDelegate.m in Sources */ = {isa = PBXBuildFile; fileRef = 3FFF3A5B1D9B9FC80069B4A7 /* AppDelegate.m */; };
		3FFF3A621D9B9FC80069B4A7 /* Main.storyboard in Resources */ = {isa = PBXBuildFile; fileRef = 3FFF3A601D9B9FC80069B4A7 /* Main.storyboard */; };
		3FFF3A641D9B9FC80069B4A7 /* Assets.xcassets in Resources */ = {isa = PBXBuildFile; fileRef = 3FFF3A631D9B9FC80069B4A7 /* Assets.xcassets */; };
		3FFF3A671D9B9FC80069B4A7 /* LaunchScreen.storyboard in Resources */ = {isa = PBXBuildFile; fileRef = 3FFF3A651D9B9FC80069B4A7 /* LaunchScreen.storyboard */; };
		3FFF3A991D9BB2230069B4A7 /* WeatherViewController.m in Sources */ = {isa = PBXBuildFile; fileRef = 3FFF3A971D9BB2230069B4A7 /* WeatherViewController.m */; };
		3FFF3A9A1D9BB2230069B4A7 /* WeatherViewController.xib in Resources */ = {isa = PBXBuildFile; fileRef = 3FFF3A981D9BB2230069B4A7 /* WeatherViewController.xib */; };
		3FFF3AA01D9BB9E00069B4A7 /* ViewController.m in Sources */ = {isa = PBXBuildFile; fileRef = 3FFF3A9F1D9BB9E00069B4A7 /* ViewController.m */; };
		3FFF3AE71D9BF82F0069B4A7 /* CurrentWeatherDetailsView.m in Sources */ = {isa = PBXBuildFile; fileRef = 3FFF3ADF1D9BF82F0069B4A7 /* CurrentWeatherDetailsView.m */; };
		3FFF3AE81D9BF82F0069B4A7 /* CurrentWeatherDetailsView.xib in Resources */ = {isa = PBXBuildFile; fileRef = 3FFF3AE01D9BF82F0069B4A7 /* CurrentWeatherDetailsView.xib */; };
		3FFF3AE91D9BF82F0069B4A7 /* LeftWeatherDetailsView.m in Sources */ = {isa = PBXBuildFile; fileRef = 3FFF3AE21D9BF82F0069B4A7 /* LeftWeatherDetailsView.m */; };
		3FFF3AEA1D9BF82F0069B4A7 /* LeftWeatherDetailsView.xib in Resources */ = {isa = PBXBuildFile; fileRef = 3FFF3AE31D9BF82F0069B4A7 /* LeftWeatherDetailsView.xib */; };
		3FFF3AEB1D9BF82F0069B4A7 /* RightWeatherDetailsView.m in Sources */ = {isa = PBXBuildFile; fileRef = 3FFF3AE51D9BF82F0069B4A7 /* RightWeatherDetailsView.m */; };
		3FFF3AEC1D9BF82F0069B4A7 /* RightWeatherDetailsView.xib in Resources */ = {isa = PBXBuildFile; fileRef = 3FFF3AE61D9BF82F0069B4A7 /* RightWeatherDetailsView.xib */; };
		3FFF3AF51D9CAB050069B4A7 /* 加号16.png in Resources */ = {isa = PBXBuildFile; fileRef = 3FFF3AF41D9CAB050069B4A7 /* 加号16.png */; };
		3FFF3AF81D9CAE050069B4A7 /* TodayWeatherView.m in Sources */ = {isa = PBXBuildFile; fileRef = 3FFF3AF71D9CAE050069B4A7 /* TodayWeatherView.m */; };
		3FFF3AFA1D9CAE140069B4A7 /* TodayWeatherView.xib in Resources */ = {isa = PBXBuildFile; fileRef = 3FFF3AF91D9CAE140069B4A7 /* TodayWeatherView.xib */; };
		3FFF3AFD1D9CAE9F0069B4A7 /* TomorrowWwatherView.m in Sources */ = {isa = PBXBuildFile; fileRef = 3FFF3AFC1D9CAE9F0069B4A7 /* TomorrowWwatherView.m */; };
		3FFF3AFF1D9CAEB20069B4A7 /* TomorrowWwatherView.xib in Resources */ = {isa = PBXBuildFile; fileRef = 3FFF3AFE1D9CAEB20069B4A7 /* TomorrowWwatherView.xib */; };
		3FFF3B021D9CB0320069B4A7 /* ThirddayWeatherView.m in Sources */ = {isa = PBXBuildFile; fileRef = 3FFF3B011D9CB0320069B4A7 /* ThirddayWeatherView.m */; };
		3FFF3B041D9CB0490069B4A7 /* ThirddayWeatherView.xib in Resources */ = {isa = PBXBuildFile; fileRef = 3FFF3B031D9CB0490069B4A7 /* ThirddayWeatherView.xib */; };
		3FFF3B081D9CEEFC0069B4A7 /* LifeViewController.m in Sources */ = {isa = PBXBuildFile; fileRef = 3FFF3B071D9CEEFC0069B4A7 /* LifeViewController.m */; };
		3FFF3B0E1D9CF4D00069B4A7 /* LifeTableViewCell.m in Sources */ = {isa = PBXBuildFile; fileRef = 3FFF3B0C1D9CF4D00069B4A7 /* LifeTableViewCell.m */; };
		3FFF3B0F1D9CF4D00069B4A7 /* LifeTableViewCell.xib in Resources */ = {isa = PBXBuildFile; fileRef = 3FFF3B0D1D9CF4D00069B4A7 /* LifeTableViewCell.xib */; };
		3FFF3B121D9CF8690069B4A7 /* NewsDetailsViewController.m in Sources */ = {isa = PBXBuildFile; fileRef = 3FFF3B111D9CF8690069B4A7 /* NewsDetailsViewController.m */; };
		3FFF3B161D9D07F40069B4A7 /* HeaderCollectionViewCell.m in Sources */ = {isa = PBXBuildFile; fileRef = 3FFF3B141D9D07F40069B4A7 /* HeaderCollectionViewCell.m */; };
		3FFF3B171D9D07F40069B4A7 /* HeaderCollectionViewCell.xib in Resources */ = {isa = PBXBuildFile; fileRef = 3FFF3B151D9D07F40069B4A7 /* HeaderCollectionViewCell.xib */; };
		3FFF3B1A1D9D12CF0069B4A7 /* ItemView.m in Sources */ = {isa = PBXBuildFile; fileRef = 3FFF3B191D9D12CF0069B4A7 /* ItemView.m */; };
		3FFF3B1C1D9D12E20069B4A7 /* ItemView.xib in Resources */ = {isa = PBXBuildFile; fileRef = 3FFF3B1B1D9D12E20069B4A7 /* ItemView.xib */; };
		3FFF3B211D9D43090069B4A7 /* SceneryViewController.m in Sources */ = {isa = PBXBuildFile; fileRef = 3FFF3B201D9D43090069B4A7 /* SceneryViewController.m */; };
		3FFF3B241D9D43FD0069B4A7 /* Waterfall.m in Sources */ = {isa = PBXBuildFile; fileRef = 3FFF3B231D9D43FD0069B4A7 /* Waterfall.m */; };
		5C6FEAD38E4F42C9A70CE5F0 /* libPods-IntracloudWeather.a in Frameworks */ = {isa = PBXBuildFile; fileRef = AB5C131DFEB01CF7EEFB3B23 /* libPods-IntracloudWeather.a */; };
		F270AAA81D9F611A0051959A /* CityDetailDBManager.m in Sources */ = {isa = PBXBuildFile; fileRef = F270AAA71D9F611A0051959A /* CityDetailDBManager.m */; };
/* End PBXBuildFile section */

/* Begin PBXFileReference section */
		3F0384EC1D9BC5F2004D5423 /* NetWorkRequest.h */ = {isa = PBXFileReference; fileEncoding = 4; lastKnownFileType = sourcecode.c.h; path = NetWorkRequest.h; sourceTree = "<group>"; };
		3F0384ED1D9BC5F2004D5423 /* NetWorkRequest.m */ = {isa = PBXFileReference; fileEncoding = 4; lastKnownFileType = sourcecode.c.objc; path = NetWorkRequest.m; sourceTree = "<group>"; };
		3F0384EF1D9BC6DB004D5423 /* UrlHeader.h */ = {isa = PBXFileReference; lastKnownFileType = sourcecode.c.h; path = UrlHeader.h; sourceTree = "<group>"; };
		3F0385191D9C04B1004D5423 /* MenuTableViewCell.h */ = {isa = PBXFileReference; fileEncoding = 4; lastKnownFileType = sourcecode.c.h; path = MenuTableViewCell.h; sourceTree = "<group>"; };
		3F03851A1D9C04B1004D5423 /* MenuTableViewCell.m */ = {isa = PBXFileReference; fileEncoding = 4; lastKnownFileType = sourcecode.c.objc; path = MenuTableViewCell.m; sourceTree = "<group>"; };
		3F03851B1D9C04B1004D5423 /* MenuTableViewCell.xib */ = {isa = PBXFileReference; fileEncoding = 4; lastKnownFileType = file.xib; path = MenuTableViewCell.xib; sourceTree = "<group>"; };
		3F03851F1D9C0533004D5423 /* LeftMenuViewController.h */ = {isa = PBXFileReference; fileEncoding = 4; lastKnownFileType = sourcecode.c.h; path = LeftMenuViewController.h; sourceTree = "<group>"; };
		3F0385201D9C0533004D5423 /* LeftMenuViewController.m */ = {isa = PBXFileReference; fileEncoding = 4; lastKnownFileType = sourcecode.c.objc; path = LeftMenuViewController.m; sourceTree = "<group>"; };
		3F0385211D9C0533004D5423 /* RightMenViewController.h */ = {isa = PBXFileReference; fileEncoding = 4; lastKnownFileType = sourcecode.c.h; path = RightMenViewController.h; sourceTree = "<group>"; };
		3F0385221D9C0533004D5423 /* RightMenViewController.m */ = {isa = PBXFileReference; fileEncoding = 4; lastKnownFileType = sourcecode.c.objc; path = RightMenViewController.m; sourceTree = "<group>"; };
		3F0385261D9C07DF004D5423 /* 趋势.png */ = {isa = PBXFileReference; lastKnownFileType = image.png; path = "趋势.png"; sourceTree = "<group>"; };
		3F0385271D9C07DF004D5423 /* 设置.png */ = {isa = PBXFileReference; lastKnownFileType = image.png; path = "设置.png"; sourceTree = "<group>"; };
		3F0385281D9C07DF004D5423 /* 生活.png */ = {isa = PBXFileReference; lastKnownFileType = image.png; path = "生活.png"; sourceTree = "<group>"; };
		3F0385291D9C07DF004D5423 /* 实景.png */ = {isa = PBXFileReference; lastKnownFileType = image.png; path = "实景.png"; sourceTree = "<group>"; };
		3F03852A1D9C07DF004D5423 /* 天气.png */ = {isa = PBXFileReference; lastKnownFileType = image.png; path = "天气.png"; sourceTree = "<group>"; };
		3F0385301D9C1099004D5423 /* AddCitysCollectionViewCell.h */ = {isa = PBXFileReference; fileEncoding = 4; lastKnownFileType = sourcecode.c.h; path = AddCitysCollectionViewCell.h; sourceTree = "<group>"; };
		3F0385311D9C1099004D5423 /* AddCitysCollectionViewCell.m */ = {isa = PBXFileReference; fileEncoding = 4; lastKnownFileType = sourcecode.c.objc; path = AddCitysCollectionViewCell.m; sourceTree = "<group>"; };
		3F0385321D9C1099004D5423 /* AddCitysCollectionViewCell.xib */ = {isa = PBXFileReference; fileEncoding = 4; lastKnownFileType = file.xib; path = AddCitysCollectionViewCell.xib; sourceTree = "<group>"; };
		3F0385351D9C9EBF004D5423 /* 图片.png */ = {isa = PBXFileReference; lastKnownFileType = image.png; path = "图片.png"; sourceTree = "<group>"; };
		3F0385371D9CA6AC004D5423 /* 加号.png */ = {isa = PBXFileReference; lastKnownFileType = image.png; path = "加号.png"; sourceTree = "<group>"; };
		3F03853E1D9CCFD4004D5423 /* HotCityViewController.h */ = {isa = PBXFileReference; fileEncoding = 4; lastKnownFileType = sourcecode.c.h; path = HotCityViewController.h; sourceTree = "<group>"; };
		3F03853F1D9CCFD4004D5423 /* HotCityViewController.m */ = {isa = PBXFileReference; fileEncoding = 4; lastKnownFileType = sourcecode.c.objc; path = HotCityViewController.m; sourceTree = "<group>"; };
		3F0385411D9CE8FF004D5423 /* MoreCitysViewController.h */ = {isa = PBXFileReference; fileEncoding = 4; lastKnownFileType = sourcecode.c.h; path = MoreCitysViewController.h; sourceTree = "<group>"; };
		3F0385421D9CE8FF004D5423 /* MoreCitysViewController.m */ = {isa = PBXFileReference; fileEncoding = 4; lastKnownFileType = sourcecode.c.objc; path = MoreCitysViewController.m; sourceTree = "<group>"; };
		3F0385441D9CEA8A004D5423 /* MoreCityTableViewCell.h */ = {isa = PBXFileReference; fileEncoding = 4; lastKnownFileType = sourcecode.c.h; path = MoreCityTableViewCell.h; sourceTree = "<group>"; };
		3F0385451D9CEA8A004D5423 /* MoreCityTableViewCell.m */ = {isa = PBXFileReference; fileEncoding = 4; lastKnownFileType = sourcecode.c.objc; path = MoreCityTableViewCell.m; sourceTree = "<group>"; };
		3F0385461D9CEA8A004D5423 /* MoreCityTableViewCell.xib */ = {isa = PBXFileReference; fileEncoding = 4; lastKnownFileType = file.xib; path = MoreCityTableViewCell.xib; sourceTree = "<group>"; };
		3F0385491D9CEB3A004D5423 /* 向右.png */ = {isa = PBXFileReference; lastKnownFileType = image.png; path = "向右.png"; sourceTree = "<group>"; };
		3F03854B1D9CF44D004D5423 /* DetailCityInfoViewController.h */ = {isa = PBXFileReference; fileEncoding = 4; lastKnownFileType = sourcecode.c.h; path = DetailCityInfoViewController.h; sourceTree = "<group>"; };
		3F03854C1D9CF44D004D5423 /* DetailCityInfoViewController.m */ = {isa = PBXFileReference; fileEncoding = 4; lastKnownFileType = sourcecode.c.objc; path = DetailCityInfoViewController.m; sourceTree = "<group>"; };
		3F0385511D9CF527004D5423 /* DetailCityTableViewCell.h */ = {isa = PBXFileReference; fileEncoding = 4; lastKnownFileType = sourcecode.c.h; path = DetailCityTableViewCell.h; sourceTree = "<group>"; };
		3F0385521D9CF527004D5423 /* DetailCityTableViewCell.m */ = {isa = PBXFileReference; fileEncoding = 4; lastKnownFileType = sourcecode.c.objc; path = DetailCityTableViewCell.m; sourceTree = "<group>"; };
		3F0385531D9CF527004D5423 /* DetailCityTableViewCell.xib */ = {isa = PBXFileReference; fileEncoding = 4; lastKnownFileType = file.xib; path = DetailCityTableViewCell.xib; sourceTree = "<group>"; };
		3F0385561D9CF919004D5423 /* ForeignCitysViewController.h */ = {isa = PBXFileReference; fileEncoding = 4; lastKnownFileType = sourcecode.c.h; path = ForeignCitysViewController.h; sourceTree = "<group>"; };
		3F0385571D9CF919004D5423 /* ForeignCitysViewController.m */ = {isa = PBXFileReference; fileEncoding = 4; lastKnownFileType = sourcecode.c.objc; path = ForeignCitysViewController.m; sourceTree = "<group>"; };
		3F54331F1DA9040500E4D290 /* 添加.png */ = {isa = PBXFileReference; lastKnownFileType = image.png; path = "添加.png"; sourceTree = "<group>"; };
		3F5433211DA9043000E4D290 /* hotCity.plist */ = {isa = PBXFileReference; fileEncoding = 4; lastKnownFileType = text.plist.xml; path = hotCity.plist; sourceTree = "<group>"; };
		3F5433231DA9045F00E4D290 /* AddCollectionViewCell.h */ = {isa = PBXFileReference; fileEncoding = 4; lastKnownFileType = sourcecode.c.h; path = AddCollectionViewCell.h; sourceTree = "<group>"; };
		3F5433241DA9045F00E4D290 /* AddCollectionViewCell.m */ = {isa = PBXFileReference; fileEncoding = 4; lastKnownFileType = sourcecode.c.objc; path = AddCollectionViewCell.m; sourceTree = "<group>"; };
		3F5433251DA9045F00E4D290 /* AddCollectionViewCell.xib */ = {isa = PBXFileReference; fileEncoding = 4; lastKnownFileType = file.xib; path = AddCollectionViewCell.xib; sourceTree = "<group>"; };
		3F6B08721DA8B09300814A0F /* Definition.h */ = {isa = PBXFileReference; fileEncoding = 4; lastKnownFileType = sourcecode.c.h; path = Definition.h; sourceTree = "<group>"; };
		3F6B08731DA8B0E100814A0F /* TTSConfig.h */ = {isa = PBXFileReference; fileEncoding = 4; lastKnownFileType = sourcecode.c.h; path = TTSConfig.h; sourceTree = "<group>"; };
		3F6B08741DA8B0E100814A0F /* TTSConfig.m */ = {isa = PBXFileReference; fileEncoding = 4; lastKnownFileType = sourcecode.c.objc; path = TTSConfig.m; sourceTree = "<group>"; };
		3F6B08771DA8B15800814A0F /* iflyMSC.framework */ = {isa = PBXFileReference; lastKnownFileType = wrapper.framework; path = iflyMSC.framework; sourceTree = "<group>"; };
		3F6B08791DA8B19900814A0F /* libz.tbd */ = {isa = PBXFileReference; lastKnownFileType = "sourcecode.text-based-dylib-definition"; name = libz.tbd; path = usr/lib/libz.tbd; sourceTree = SDKROOT; };
		3F6B087B1DA8B1A700814A0F /* CoreLocation.framework */ = {isa = PBXFileReference; lastKnownFileType = wrapper.framework; name = CoreLocation.framework; path = System/Library/Frameworks/CoreLocation.framework; sourceTree = SDKROOT; };
		3F6B087D1DA8B1B200814A0F /* CoreTelephony.framework */ = {isa = PBXFileReference; lastKnownFileType = wrapper.framework; name = CoreTelephony.framework; path = System/Library/Frameworks/CoreTelephony.framework; sourceTree = SDKROOT; };
		3F6B087F1DA8B1BD00814A0F /* AVFoundation.framework */ = {isa = PBXFileReference; lastKnownFileType = wrapper.framework; name = AVFoundation.framework; path = System/Library/Frameworks/AVFoundation.framework; sourceTree = SDKROOT; };
		3F6B08811DA8B1C900814A0F /* AddressBook.framework */ = {isa = PBXFileReference; lastKnownFileType = wrapper.framework; name = AddressBook.framework; path = System/Library/Frameworks/AddressBook.framework; sourceTree = SDKROOT; };
		3F6B08831DA8B1D500814A0F /* AudioToolbox.framework */ = {isa = PBXFileReference; lastKnownFileType = wrapper.framework; name = AudioToolbox.framework; path = System/Library/Frameworks/AudioToolbox.framework; sourceTree = SDKROOT; };
		3F6B08851DA8B1E100814A0F /* SystemConfiguration.framework */ = {isa = PBXFileReference; lastKnownFileType = wrapper.framework; name = SystemConfiguration.framework; path = System/Library/Frameworks/SystemConfiguration.framework; sourceTree = SDKROOT; };
		3F6B08871DA8B1EB00814A0F /* QuartzCore.framework */ = {isa = PBXFileReference; lastKnownFileType = wrapper.framework; name = QuartzCore.framework; path = System/Library/Frameworks/QuartzCore.framework; sourceTree = SDKROOT; };
		3F6B08891DA8B1F300814A0F /* UIKit.framework */ = {isa = PBXFileReference; lastKnownFileType = wrapper.framework; name = UIKit.framework; path = System/Library/Frameworks/UIKit.framework; sourceTree = SDKROOT; };
		3F6B088B1DA8B1FD00814A0F /* Foundation.framework */ = {isa = PBXFileReference; lastKnownFileType = wrapper.framework; name = Foundation.framework; path = System/Library/Frameworks/Foundation.framework; sourceTree = SDKROOT; };
		3F6B088D1DA8B20700814A0F /* CoreGraphics.framework */ = {isa = PBXFileReference; lastKnownFileType = wrapper.framework; name = CoreGraphics.framework; path = System/Library/Frameworks/CoreGraphics.framework; sourceTree = SDKROOT; };
		3F6B088F1DA8B39300814A0F /* AlertView.h */ = {isa = PBXFileReference; fileEncoding = 4; lastKnownFileType = sourcecode.c.h; path = AlertView.h; sourceTree = "<group>"; };
		3F6B08901DA8B39300814A0F /* AlertView.m */ = {isa = PBXFileReference; fileEncoding = 4; lastKnownFileType = sourcecode.c.objc; path = AlertView.m; sourceTree = "<group>"; };
		3F6B08921DA8B3D000814A0F /* PcmPlayer.h */ = {isa = PBXFileReference; fileEncoding = 4; lastKnownFileType = sourcecode.c.h; path = PcmPlayer.h; sourceTree = "<group>"; };
		3F6B08931DA8B3D000814A0F /* PcmPlayer.m */ = {isa = PBXFileReference; fileEncoding = 4; lastKnownFileType = sourcecode.c.objc; path = PcmPlayer.m; sourceTree = "<group>"; };
		3F6B08941DA8B3D000814A0F /* PcmPlayerDelegate.h */ = {isa = PBXFileReference; fileEncoding = 4; lastKnownFileType = sourcecode.c.h; path = PcmPlayerDelegate.h; sourceTree = "<group>"; };
		3F6B08971DA8C71E00814A0F /* AKPickerView.h */ = {isa = PBXFileReference; fileEncoding = 4; lastKnownFileType = sourcecode.c.h; path = AKPickerView.h; sourceTree = "<group>"; };
		3F6B08981DA8C71E00814A0F /* AKPickerView.m */ = {isa = PBXFileReference; fileEncoding = 4; lastKnownFileType = sourcecode.c.objc; path = AKPickerView.m; sourceTree = "<group>"; };
		3F6B08991DA8C71E00814A0F /* SAMath.h */ = {isa = PBXFileReference; fileEncoding = 4; lastKnownFileType = sourcecode.c.h; path = SAMath.h; sourceTree = "<group>"; };
		3F6B089A1DA8C71E00814A0F /* SAMath.m */ = {isa = PBXFileReference; fileEncoding = 4; lastKnownFileType = sourcecode.c.objc; path = SAMath.m; sourceTree = "<group>"; };
		3F6B089B1DA8C71E00814A0F /* SAMultisectorControl.h */ = {isa = PBXFileReference; fileEncoding = 4; lastKnownFileType = sourcecode.c.h; path = SAMultisectorControl.h; sourceTree = "<group>"; };
		3F6B089C1DA8C71E00814A0F /* SAMultisectorControl.m */ = {isa = PBXFileReference; fileEncoding = 4; lastKnownFileType = sourcecode.c.objc; path = SAMultisectorControl.m; sourceTree = "<group>"; };
		3F6B08A51DA8D15000814A0F /* ChangeVoiceViewController.xib */ = {isa = PBXFileReference; fileEncoding = 4; lastKnownFileType = file.xib; path = ChangeVoiceViewController.xib; sourceTree = "<group>"; };
		3FBEB6991D9E36510092E47F /* CityInfoBaseClass.h */ = {isa = PBXFileReference; fileEncoding = 4; lastKnownFileType = sourcecode.c.h; path = CityInfoBaseClass.h; sourceTree = "<group>"; };
		3FBEB69A1D9E36510092E47F /* CityInfoBaseClass.m */ = {isa = PBXFileReference; fileEncoding = 4; lastKnownFileType = sourcecode.c.objc; path = CityInfoBaseClass.m; sourceTree = "<group>"; };
		3FBEB69B1D9E36510092E47F /* CityInfoCityInfo.h */ = {isa = PBXFileReference; fileEncoding = 4; lastKnownFileType = sourcecode.c.h; path = CityInfoCityInfo.h; sourceTree = "<group>"; };
		3FBEB69C1D9E36510092E47F /* CityInfoCityInfo.m */ = {isa = PBXFileReference; fileEncoding = 4; lastKnownFileType = sourcecode.c.objc; path = CityInfoCityInfo.m; sourceTree = "<group>"; };
		3FBEB69D1D9E36510092E47F /* CityInfoDataModels.h */ = {isa = PBXFileReference; fileEncoding = 4; lastKnownFileType = sourcecode.c.h; path = CityInfoDataModels.h; sourceTree = "<group>"; };
		3FBEB6A01D9E36880092E47F /* cityData.plist */ = {isa = PBXFileReference; fileEncoding = 4; lastKnownFileType = text.plist.xml; path = cityData.plist; sourceTree = "<group>"; };
		3FBEB6A21D9E36E40092E47F /* allchina.plist */ = {isa = PBXFileReference; fileEncoding = 4; lastKnownFileType = text.plist.xml; path = allchina.plist; sourceTree = "<group>"; };
		3FBEB6A41D9E4DE30092E47F /* mainCity.plist */ = {isa = PBXFileReference; fileEncoding = 4; lastKnownFileType = text.plist.xml; path = mainCity.plist; sourceTree = "<group>"; };
		3FBEB6A61D9E4EFA0092E47F /* country.plist */ = {isa = PBXFileReference; fileEncoding = 4; lastKnownFileType = text.plist.xml; path = country.plist; sourceTree = "<group>"; };
		3FBEB6A81D9E536B0092E47F /* ForeignCityViewController.h */ = {isa = PBXFileReference; fileEncoding = 4; lastKnownFileType = sourcecode.c.h; path = ForeignCityViewController.h; sourceTree = "<group>"; };
		3FBEB6A91D9E536B0092E47F /* ForeignCityViewController.m */ = {isa = PBXFileReference; fileEncoding = 4; lastKnownFileType = sourcecode.c.objc; path = ForeignCityViewController.m; sourceTree = "<group>"; };
		3FD3F81D1D9D471900736C0B /* FallsCollectionViewCell.h */ = {isa = PBXFileReference; fileEncoding = 4; lastKnownFileType = sourcecode.c.h; path = FallsCollectionViewCell.h; sourceTree = "<group>"; };
		3FD3F81E1D9D471900736C0B /* FallsCollectionViewCell.m */ = {isa = PBXFileReference; fileEncoding = 4; lastKnownFileType = sourcecode.c.objc; path = FallsCollectionViewCell.m; sourceTree = "<group>"; };
		3FD3F81F1D9D471900736C0B /* FallsCollectionViewCell.xib */ = {isa = PBXFileReference; fileEncoding = 4; lastKnownFileType = file.xib; path = FallsCollectionViewCell.xib; sourceTree = "<group>"; };
		3FD3F8241D9D49DD00736C0B /* SettingViewController.h */ = {isa = PBXFileReference; fileEncoding = 4; lastKnownFileType = sourcecode.c.h; path = SettingViewController.h; sourceTree = "<group>"; };
		3FD3F8251D9D49DD00736C0B /* SettingViewController.m */ = {isa = PBXFileReference; fileEncoding = 4; lastKnownFileType = sourcecode.c.objc; path = SettingViewController.m; sourceTree = "<group>"; };
		3FD3F8271D9D504F00736C0B /* XYtodayCollectionViewCell.h */ = {isa = PBXFileReference; fileEncoding = 4; lastKnownFileType = sourcecode.c.h; name = XYtodayCollectionViewCell.h; path = Views/XYtodayCollectionViewCell.h; sourceTree = "<group>"; };
		3FD3F8281D9D504F00736C0B /* XYtodayCollectionViewCell.m */ = {isa = PBXFileReference; fileEncoding = 4; lastKnownFileType = sourcecode.c.objc; name = XYtodayCollectionViewCell.m; path = Views/XYtodayCollectionViewCell.m; sourceTree = "<group>"; };
		3FD3F8291D9D504F00736C0B /* XYtodayCollectionViewCell.xib */ = {isa = PBXFileReference; fileEncoding = 4; lastKnownFileType = file.xib; name = XYtodayCollectionViewCell.xib; path = Views/XYtodayCollectionViewCell.xib; sourceTree = "<group>"; };
		3FD3F82E1D9DED0400736C0B /* NewsDataModels.h */ = {isa = PBXFileReference; fileEncoding = 4; lastKnownFileType = sourcecode.c.h; path = NewsDataModels.h; sourceTree = "<group>"; };
		3FD3F82F1D9DED0400736C0B /* NewsBaseClass.h */ = {isa = PBXFileReference; fileEncoding = 4; lastKnownFileType = sourcecode.c.h; path = NewsBaseClass.h; sourceTree = "<group>"; };
		3FD3F8301D9DED0400736C0B /* NewsBaseClass.m */ = {isa = PBXFileReference; fileEncoding = 4; lastKnownFileType = sourcecode.c.objc; path = NewsBaseClass.m; sourceTree = "<group>"; };
		3FD3F8311D9DED0400736C0B /* NewsImgextra.h */ = {isa = PBXFileReference; fileEncoding = 4; lastKnownFileType = sourcecode.c.h; path = NewsImgextra.h; sourceTree = "<group>"; };
		3FD3F8321D9DED0400736C0B /* NewsImgextra.m */ = {isa = PBXFileReference; fileEncoding = 4; lastKnownFileType = sourcecode.c.objc; path = NewsImgextra.m; sourceTree = "<group>"; };
		3FD3F8331D9DED0400736C0B /* NewsInternalBaseClass1.h */ = {isa = PBXFileReference; fileEncoding = 4; lastKnownFileType = sourcecode.c.h; path = NewsInternalBaseClass1.h; sourceTree = "<group>"; };
		3FD3F8341D9DED0400736C0B /* NewsInternalBaseClass1.m */ = {isa = PBXFileReference; fileEncoding = 4; lastKnownFileType = sourcecode.c.objc; path = NewsInternalBaseClass1.m; sourceTree = "<group>"; };
		3FD3F8351D9DED0400736C0B /* NewsLiveInfo.h */ = {isa = PBXFileReference; fileEncoding = 4; lastKnownFileType = sourcecode.c.h; path = NewsLiveInfo.h; sourceTree = "<group>"; };
		3FD3F8361D9DED0400736C0B /* NewsLiveInfo.m */ = {isa = PBXFileReference; fileEncoding = 4; lastKnownFileType = sourcecode.c.objc; path = NewsLiveInfo.m; sourceTree = "<group>"; };
		3FD3F8371D9DED0400736C0B /* NewsWapPortalV2.h */ = {isa = PBXFileReference; fileEncoding = 4; lastKnownFileType = sourcecode.c.h; path = NewsWapPortalV2.h; sourceTree = "<group>"; };
		3FD3F8381D9DED0400736C0B /* NewsWapPortalV2.m */ = {isa = PBXFileReference; fileEncoding = 4; lastKnownFileType = sourcecode.c.objc; path = NewsWapPortalV2.m; sourceTree = "<group>"; };
		3FD3F8431D9E238E00736C0B /* style.css */ = {isa = PBXFileReference; fileEncoding = 4; lastKnownFileType = text.css; path = style.css; sourceTree = "<group>"; };
		3FD3F8451D9E4E9200736C0B /* ChangeVoiceViewController.h */ = {isa = PBXFileReference; fileEncoding = 4; lastKnownFileType = sourcecode.c.h; path = ChangeVoiceViewController.h; sourceTree = "<group>"; };
		3FD3F8461D9E4E9200736C0B /* ChangeVoiceViewController.m */ = {isa = PBXFileReference; fileEncoding = 4; lastKnownFileType = sourcecode.c.objc; path = ChangeVoiceViewController.m; sourceTree = "<group>"; };
		3FFF3A541D9B9FC80069B4A7 /* IntracloudWeather.app */ = {isa = PBXFileReference; explicitFileType = wrapper.application; includeInIndex = 0; path = IntracloudWeather.app; sourceTree = BUILT_PRODUCTS_DIR; };
		3FFF3A581D9B9FC80069B4A7 /* main.m */ = {isa = PBXFileReference; lastKnownFileType = sourcecode.c.objc; path = main.m; sourceTree = "<group>"; };
		3FFF3A5A1D9B9FC80069B4A7 /* AppDelegate.h */ = {isa = PBXFileReference; lastKnownFileType = sourcecode.c.h; path = AppDelegate.h; sourceTree = "<group>"; };
		3FFF3A5B1D9B9FC80069B4A7 /* AppDelegate.m */ = {isa = PBXFileReference; lastKnownFileType = sourcecode.c.objc; path = AppDelegate.m; sourceTree = "<group>"; };
		3FFF3A611D9B9FC80069B4A7 /* Base */ = {isa = PBXFileReference; lastKnownFileType = file.storyboard; name = Base; path = Base.lproj/Main.storyboard; sourceTree = "<group>"; };
		3FFF3A631D9B9FC80069B4A7 /* Assets.xcassets */ = {isa = PBXFileReference; lastKnownFileType = folder.assetcatalog; path = Assets.xcassets; sourceTree = "<group>"; };
		3FFF3A661D9B9FC80069B4A7 /* Base */ = {isa = PBXFileReference; lastKnownFileType = file.storyboard; name = Base; path = Base.lproj/LaunchScreen.storyboard; sourceTree = "<group>"; };
		3FFF3A681D9B9FC80069B4A7 /* Info.plist */ = {isa = PBXFileReference; lastKnownFileType = text.plist.xml; path = Info.plist; sourceTree = "<group>"; };
		3FFF3A961D9BB2230069B4A7 /* WeatherViewController.h */ = {isa = PBXFileReference; fileEncoding = 4; lastKnownFileType = sourcecode.c.h; path = WeatherViewController.h; sourceTree = "<group>"; };
		3FFF3A971D9BB2230069B4A7 /* WeatherViewController.m */ = {isa = PBXFileReference; fileEncoding = 4; lastKnownFileType = sourcecode.c.objc; path = WeatherViewController.m; sourceTree = "<group>"; };
		3FFF3A981D9BB2230069B4A7 /* WeatherViewController.xib */ = {isa = PBXFileReference; fileEncoding = 4; lastKnownFileType = file.xib; path = WeatherViewController.xib; sourceTree = "<group>"; };
		3FFF3A9C1D9BB4630069B4A7 /* ToolsHelper.h */ = {isa = PBXFileReference; fileEncoding = 4; lastKnownFileType = sourcecode.c.h; path = ToolsHelper.h; sourceTree = "<group>"; };
		3FFF3A9D1D9BB55C0069B4A7 /* PrefixHeader.pch */ = {isa = PBXFileReference; lastKnownFileType = sourcecode.c.h; path = PrefixHeader.pch; sourceTree = "<group>"; };
		3FFF3A9E1D9BB9E00069B4A7 /* ViewController.h */ = {isa = PBXFileReference; fileEncoding = 4; lastKnownFileType = sourcecode.c.h; name = ViewController.h; path = Views/ViewController.h; sourceTree = "<group>"; };
		3FFF3A9F1D9BB9E00069B4A7 /* ViewController.m */ = {isa = PBXFileReference; fileEncoding = 4; lastKnownFileType = sourcecode.c.objc; name = ViewController.m; path = Views/ViewController.m; sourceTree = "<group>"; };
		3FFF3ADE1D9BF82F0069B4A7 /* CurrentWeatherDetailsView.h */ = {isa = PBXFileReference; fileEncoding = 4; lastKnownFileType = sourcecode.c.h; name = CurrentWeatherDetailsView.h; path = Views/CurrentWeatherDetailsView.h; sourceTree = "<group>"; };
		3FFF3ADF1D9BF82F0069B4A7 /* CurrentWeatherDetailsView.m */ = {isa = PBXFileReference; fileEncoding = 4; lastKnownFileType = sourcecode.c.objc; name = CurrentWeatherDetailsView.m; path = Views/CurrentWeatherDetailsView.m; sourceTree = "<group>"; };
		3FFF3AE01D9BF82F0069B4A7 /* CurrentWeatherDetailsView.xib */ = {isa = PBXFileReference; fileEncoding = 4; lastKnownFileType = file.xib; name = CurrentWeatherDetailsView.xib; path = Views/CurrentWeatherDetailsView.xib; sourceTree = "<group>"; };
		3FFF3AE11D9BF82F0069B4A7 /* LeftWeatherDetailsView.h */ = {isa = PBXFileReference; fileEncoding = 4; lastKnownFileType = sourcecode.c.h; name = LeftWeatherDetailsView.h; path = Views/LeftWeatherDetailsView.h; sourceTree = "<group>"; };
		3FFF3AE21D9BF82F0069B4A7 /* LeftWeatherDetailsView.m */ = {isa = PBXFileReference; fileEncoding = 4; lastKnownFileType = sourcecode.c.objc; name = LeftWeatherDetailsView.m; path = Views/LeftWeatherDetailsView.m; sourceTree = "<group>"; };
		3FFF3AE31D9BF82F0069B4A7 /* LeftWeatherDetailsView.xib */ = {isa = PBXFileReference; fileEncoding = 4; lastKnownFileType = file.xib; name = LeftWeatherDetailsView.xib; path = Views/LeftWeatherDetailsView.xib; sourceTree = "<group>"; };
		3FFF3AE41D9BF82F0069B4A7 /* RightWeatherDetailsView.h */ = {isa = PBXFileReference; fileEncoding = 4; lastKnownFileType = sourcecode.c.h; name = RightWeatherDetailsView.h; path = Views/RightWeatherDetailsView.h; sourceTree = "<group>"; };
		3FFF3AE51D9BF82F0069B4A7 /* RightWeatherDetailsView.m */ = {isa = PBXFileReference; fileEncoding = 4; lastKnownFileType = sourcecode.c.objc; name = RightWeatherDetailsView.m; path = Views/RightWeatherDetailsView.m; sourceTree = "<group>"; };
		3FFF3AE61D9BF82F0069B4A7 /* RightWeatherDetailsView.xib */ = {isa = PBXFileReference; fileEncoding = 4; lastKnownFileType = file.xib; name = RightWeatherDetailsView.xib; path = Views/RightWeatherDetailsView.xib; sourceTree = "<group>"; };
		3FFF3AF41D9CAB050069B4A7 /* 加号16.png */ = {isa = PBXFileReference; lastKnownFileType = image.png; path = "加号16.png"; sourceTree = "<group>"; };
		3FFF3AF61D9CAE050069B4A7 /* TodayWeatherView.h */ = {isa = PBXFileReference; fileEncoding = 4; lastKnownFileType = sourcecode.c.h; name = TodayWeatherView.h; path = Views/TodayWeatherView.h; sourceTree = "<group>"; };
		3FFF3AF71D9CAE050069B4A7 /* TodayWeatherView.m */ = {isa = PBXFileReference; fileEncoding = 4; lastKnownFileType = sourcecode.c.objc; name = TodayWeatherView.m; path = Views/TodayWeatherView.m; sourceTree = "<group>"; };
		3FFF3AF91D9CAE140069B4A7 /* TodayWeatherView.xib */ = {isa = PBXFileReference; fileEncoding = 4; lastKnownFileType = file.xib; name = TodayWeatherView.xib; path = Views/TodayWeatherView.xib; sourceTree = "<group>"; };
		3FFF3AFB1D9CAE9F0069B4A7 /* TomorrowWwatherView.h */ = {isa = PBXFileReference; fileEncoding = 4; lastKnownFileType = sourcecode.c.h; name = TomorrowWwatherView.h; path = Views/TomorrowWwatherView.h; sourceTree = "<group>"; };
		3FFF3AFC1D9CAE9F0069B4A7 /* TomorrowWwatherView.m */ = {isa = PBXFileReference; fileEncoding = 4; lastKnownFileType = sourcecode.c.objc; name = TomorrowWwatherView.m; path = Views/TomorrowWwatherView.m; sourceTree = "<group>"; };
		3FFF3AFE1D9CAEB20069B4A7 /* TomorrowWwatherView.xib */ = {isa = PBXFileReference; fileEncoding = 4; lastKnownFileType = file.xib; name = TomorrowWwatherView.xib; path = Views/TomorrowWwatherView.xib; sourceTree = "<group>"; };
		3FFF3B001D9CB0320069B4A7 /* ThirddayWeatherView.h */ = {isa = PBXFileReference; fileEncoding = 4; lastKnownFileType = sourcecode.c.h; name = ThirddayWeatherView.h; path = Views/ThirddayWeatherView.h; sourceTree = "<group>"; };
		3FFF3B011D9CB0320069B4A7 /* ThirddayWeatherView.m */ = {isa = PBXFileReference; fileEncoding = 4; lastKnownFileType = sourcecode.c.objc; name = ThirddayWeatherView.m; path = Views/ThirddayWeatherView.m; sourceTree = "<group>"; };
		3FFF3B031D9CB0490069B4A7 /* ThirddayWeatherView.xib */ = {isa = PBXFileReference; fileEncoding = 4; lastKnownFileType = file.xib; name = ThirddayWeatherView.xib; path = Views/ThirddayWeatherView.xib; sourceTree = "<group>"; };
		3FFF3B061D9CEEFC0069B4A7 /* LifeViewController.h */ = {isa = PBXFileReference; fileEncoding = 4; lastKnownFileType = sourcecode.c.h; path = LifeViewController.h; sourceTree = "<group>"; };
		3FFF3B071D9CEEFC0069B4A7 /* LifeViewController.m */ = {isa = PBXFileReference; fileEncoding = 4; lastKnownFileType = sourcecode.c.objc; path = LifeViewController.m; sourceTree = "<group>"; };
		3FFF3B0B1D9CF4D00069B4A7 /* LifeTableViewCell.h */ = {isa = PBXFileReference; fileEncoding = 4; lastKnownFileType = sourcecode.c.h; path = LifeTableViewCell.h; sourceTree = "<group>"; };
		3FFF3B0C1D9CF4D00069B4A7 /* LifeTableViewCell.m */ = {isa = PBXFileReference; fileEncoding = 4; lastKnownFileType = sourcecode.c.objc; path = LifeTableViewCell.m; sourceTree = "<group>"; };
		3FFF3B0D1D9CF4D00069B4A7 /* LifeTableViewCell.xib */ = {isa = PBXFileReference; fileEncoding = 4; lastKnownFileType = file.xib; path = LifeTableViewCell.xib; sourceTree = "<group>"; };
		3FFF3B101D9CF8690069B4A7 /* NewsDetailsViewController.h */ = {isa = PBXFileReference; fileEncoding = 4; lastKnownFileType = sourcecode.c.h; path = NewsDetailsViewController.h; sourceTree = "<group>"; };
		3FFF3B111D9CF8690069B4A7 /* NewsDetailsViewController.m */ = {isa = PBXFileReference; fileEncoding = 4; lastKnownFileType = sourcecode.c.objc; path = NewsDetailsViewController.m; sourceTree = "<group>"; };
		3FFF3B131D9D07F40069B4A7 /* HeaderCollectionViewCell.h */ = {isa = PBXFileReference; fileEncoding = 4; lastKnownFileType = sourcecode.c.h; path = HeaderCollectionViewCell.h; sourceTree = "<group>"; };
		3FFF3B141D9D07F40069B4A7 /* HeaderCollectionViewCell.m */ = {isa = PBXFileReference; fileEncoding = 4; lastKnownFileType = sourcecode.c.objc; path = HeaderCollectionViewCell.m; sourceTree = "<group>"; };
		3FFF3B151D9D07F40069B4A7 /* HeaderCollectionViewCell.xib */ = {isa = PBXFileReference; fileEncoding = 4; lastKnownFileType = file.xib; path = HeaderCollectionViewCell.xib; sourceTree = "<group>"; };
		3FFF3B181D9D12CF0069B4A7 /* ItemView.h */ = {isa = PBXFileReference; fileEncoding = 4; lastKnownFileType = sourcecode.c.h; path = ItemView.h; sourceTree = "<group>"; };
		3FFF3B191D9D12CF0069B4A7 /* ItemView.m */ = {isa = PBXFileReference; fileEncoding = 4; lastKnownFileType = sourcecode.c.objc; path = ItemView.m; sourceTree = "<group>"; };
		3FFF3B1B1D9D12E20069B4A7 /* ItemView.xib */ = {isa = PBXFileReference; fileEncoding = 4; lastKnownFileType = file.xib; path = ItemView.xib; sourceTree = "<group>"; };
		3FFF3B1F1D9D43090069B4A7 /* SceneryViewController.h */ = {isa = PBXFileReference; fileEncoding = 4; lastKnownFileType = sourcecode.c.h; path = SceneryViewController.h; sourceTree = "<group>"; };
		3FFF3B201D9D43090069B4A7 /* SceneryViewController.m */ = {isa = PBXFileReference; fileEncoding = 4; lastKnownFileType = sourcecode.c.objc; path = SceneryViewController.m; sourceTree = "<group>"; };
		3FFF3B221D9D43FD0069B4A7 /* Waterfall.h */ = {isa = PBXFileReference; fileEncoding = 4; lastKnownFileType = sourcecode.c.h; path = Waterfall.h; sourceTree = "<group>"; };
		3FFF3B231D9D43FD0069B4A7 /* Waterfall.m */ = {isa = PBXFileReference; fileEncoding = 4; lastKnownFileType = sourcecode.c.objc; path = Waterfall.m; sourceTree = "<group>"; };
		70DCDCC920066136E11B5CB8 /* Pods-IntracloudWeather.release.xcconfig */ = {isa = PBXFileReference; includeInIndex = 1; lastKnownFileType = text.xcconfig; name = "Pods-IntracloudWeather.release.xcconfig"; path = "Pods/Target Support Files/Pods-IntracloudWeather/Pods-IntracloudWeather.release.xcconfig"; sourceTree = "<group>"; };
		85A146919A3B73C8FCAFEE05 /* Pods-IntracloudWeather.debug.xcconfig */ = {isa = PBXFileReference; includeInIndex = 1; lastKnownFileType = text.xcconfig; name = "Pods-IntracloudWeather.debug.xcconfig"; path = "Pods/Target Support Files/Pods-IntracloudWeather/Pods-IntracloudWeather.debug.xcconfig"; sourceTree = "<group>"; };
		AB5C131DFEB01CF7EEFB3B23 /* libPods-IntracloudWeather.a */ = {isa = PBXFileReference; explicitFileType = archive.ar; includeInIndex = 0; path = "libPods-IntracloudWeather.a"; sourceTree = BUILT_PRODUCTS_DIR; };
		F270AAA61D9F611A0051959A /* CityDetailDBManager.h */ = {isa = PBXFileReference; fileEncoding = 4; lastKnownFileType = sourcecode.c.h; path = CityDetailDBManager.h; sourceTree = "<group>"; };
		F270AAA71D9F611A0051959A /* CityDetailDBManager.m */ = {isa = PBXFileReference; fileEncoding = 4; lastKnownFileType = sourcecode.c.objc; path = CityDetailDBManager.m; sourceTree = "<group>"; };
/* End PBXFileReference section */

/* Begin PBXFrameworksBuildPhase section */
		3FFF3A511D9B9FC80069B4A7 /* Frameworks */ = {
			isa = PBXFrameworksBuildPhase;
			buildActionMask = 2147483647;
			files = (
				3F6B088E1DA8B20700814A0F /* CoreGraphics.framework in Frameworks */,
				3F6B088C1DA8B1FD00814A0F /* Foundation.framework in Frameworks */,
				3F6B088A1DA8B1F300814A0F /* UIKit.framework in Frameworks */,
				3F6B08881DA8B1EB00814A0F /* QuartzCore.framework in Frameworks */,
				3F6B08861DA8B1E100814A0F /* SystemConfiguration.framework in Frameworks */,
				3F6B08841DA8B1D500814A0F /* AudioToolbox.framework in Frameworks */,
				3F6B08821DA8B1C900814A0F /* AddressBook.framework in Frameworks */,
				3F6B08801DA8B1BD00814A0F /* AVFoundation.framework in Frameworks */,
				3F6B087E1DA8B1B200814A0F /* CoreTelephony.framework in Frameworks */,
				3F6B087C1DA8B1A700814A0F /* CoreLocation.framework in Frameworks */,
				3F6B087A1DA8B19900814A0F /* libz.tbd in Frameworks */,
				3F6B08781DA8B15800814A0F /* iflyMSC.framework in Frameworks */,
				5C6FEAD38E4F42C9A70CE5F0 /* libPods-IntracloudWeather.a in Frameworks */,
			);
			runOnlyForDeploymentPostprocessing = 0;
		};
/* End PBXFrameworksBuildPhase section */

/* Begin PBXGroup section */
		2CC08F67137B966E3E2B1E6E /* Frameworks */ = {
			isa = PBXGroup;
			children = (
				3F6B088D1DA8B20700814A0F /* CoreGraphics.framework */,
				3F6B088B1DA8B1FD00814A0F /* Foundation.framework */,
				3F6B08891DA8B1F300814A0F /* UIKit.framework */,
				3F6B08871DA8B1EB00814A0F /* QuartzCore.framework */,
				3F6B08851DA8B1E100814A0F /* SystemConfiguration.framework */,
				3F6B08831DA8B1D500814A0F /* AudioToolbox.framework */,
				3F6B08811DA8B1C900814A0F /* AddressBook.framework */,
				3F6B087F1DA8B1BD00814A0F /* AVFoundation.framework */,
				3F6B087D1DA8B1B200814A0F /* CoreTelephony.framework */,
				3F6B087B1DA8B1A700814A0F /* CoreLocation.framework */,
				3F6B08791DA8B19900814A0F /* libz.tbd */,
				AB5C131DFEB01CF7EEFB3B23 /* libPods-IntracloudWeather.a */,
			);
			name = Frameworks;
			sourceTree = "<group>";
		};
		3F0385171D9C0487004D5423 /* Menu */ = {
			isa = PBXGroup;
			children = (
				3FBEB6971D9E36510092E47F /* Model */,
				3F03851E1D9C0522004D5423 /* Controller */,
				3F0385181D9C04B1004D5423 /* View */,
			);
			path = Menu;
			sourceTree = "<group>";
		};
		3F0385181D9C04B1004D5423 /* View */ = {
			isa = PBXGroup;
			children = (
				3F0385191D9C04B1004D5423 /* MenuTableViewCell.h */,
				3F03851A1D9C04B1004D5423 /* MenuTableViewCell.m */,
				3F03851B1D9C04B1004D5423 /* MenuTableViewCell.xib */,
				3F0385301D9C1099004D5423 /* AddCitysCollectionViewCell.h */,
				3F0385311D9C1099004D5423 /* AddCitysCollectionViewCell.m */,
				3F0385321D9C1099004D5423 /* AddCitysCollectionViewCell.xib */,
				3F0385441D9CEA8A004D5423 /* MoreCityTableViewCell.h */,
				3F0385451D9CEA8A004D5423 /* MoreCityTableViewCell.m */,
				3F0385461D9CEA8A004D5423 /* MoreCityTableViewCell.xib */,
				3F0385511D9CF527004D5423 /* DetailCityTableViewCell.h */,
				3F0385521D9CF527004D5423 /* DetailCityTableViewCell.m */,
				3F0385531D9CF527004D5423 /* DetailCityTableViewCell.xib */,
				3F5433231DA9045F00E4D290 /* AddCollectionViewCell.h */,
				3F5433241DA9045F00E4D290 /* AddCollectionViewCell.m */,
				3F5433251DA9045F00E4D290 /* AddCollectionViewCell.xib */,
			);
			path = View;
			sourceTree = "<group>";
		};
		3F03851E1D9C0522004D5423 /* Controller */ = {
			isa = PBXGroup;
			children = (
				3F03851F1D9C0533004D5423 /* LeftMenuViewController.h */,
				3F0385201D9C0533004D5423 /* LeftMenuViewController.m */,
				3F0385211D9C0533004D5423 /* RightMenViewController.h */,
				3F0385221D9C0533004D5423 /* RightMenViewController.m */,
				3F03853E1D9CCFD4004D5423 /* HotCityViewController.h */,
				3F03853F1D9CCFD4004D5423 /* HotCityViewController.m */,
				3F0385411D9CE8FF004D5423 /* MoreCitysViewController.h */,
				3F0385421D9CE8FF004D5423 /* MoreCitysViewController.m */,
				3F0385561D9CF919004D5423 /* ForeignCitysViewController.h */,
				3F0385571D9CF919004D5423 /* ForeignCitysViewController.m */,
				3FBEB6A81D9E536B0092E47F /* ForeignCityViewController.h */,
				3FBEB6A91D9E536B0092E47F /* ForeignCityViewController.m */,
				3F03854B1D9CF44D004D5423 /* DetailCityInfoViewController.h */,
				3F03854C1D9CF44D004D5423 /* DetailCityInfoViewController.m */,
			);
			name = Controller;
			sourceTree = "<group>";
		};
		3F0385251D9C07A3004D5423 /* img */ = {
			isa = PBXGroup;
			children = (
				3F0385491D9CEB3A004D5423 /* 向右.png */,
				3FFF3AF41D9CAB050069B4A7 /* 加号16.png */,
				3F0385371D9CA6AC004D5423 /* 加号.png */,
				3F0385351D9C9EBF004D5423 /* 图片.png */,
				3F0385261D9C07DF004D5423 /* 趋势.png */,
				3F0385271D9C07DF004D5423 /* 设置.png */,
				3F0385281D9C07DF004D5423 /* 生活.png */,
				3F0385291D9C07DF004D5423 /* 实景.png */,
				3F03852A1D9C07DF004D5423 /* 天气.png */,
				3F54331F1DA9040500E4D290 /* 添加.png */,
			);
			path = img;
			sourceTree = "<group>";
		};
		3F6B086E1DA8AFF600814A0F /* Base */ = {
			isa = PBXGroup;
			children = (
				3F6B08961DA8C71E00814A0F /* SettingView */,
				3F6B08731DA8B0E100814A0F /* TTSConfig.h */,
				3F6B08741DA8B0E100814A0F /* TTSConfig.m */,
				3F6B088F1DA8B39300814A0F /* AlertView.h */,
				3F6B08901DA8B39300814A0F /* AlertView.m */,
				3F6B08921DA8B3D000814A0F /* PcmPlayer.h */,
				3F6B08931DA8B3D000814A0F /* PcmPlayer.m */,
				3F6B08941DA8B3D000814A0F /* PcmPlayerDelegate.h */,
				3F6B08721DA8B09300814A0F /* Definition.h */,
			);
			path = Base;
			sourceTree = "<group>";
		};
		3F6B08761DA8B15800814A0F /* lib */ = {
			isa = PBXGroup;
			children = (
				3F6B08771DA8B15800814A0F /* iflyMSC.framework */,
			);
			path = lib;
			sourceTree = "<group>";
		};
		3F6B08961DA8C71E00814A0F /* SettingView */ = {
			isa = PBXGroup;
			children = (
				3F6B08971DA8C71E00814A0F /* AKPickerView.h */,
				3F6B08981DA8C71E00814A0F /* AKPickerView.m */,
				3F6B08991DA8C71E00814A0F /* SAMath.h */,
				3F6B089A1DA8C71E00814A0F /* SAMath.m */,
				3F6B089B1DA8C71E00814A0F /* SAMultisectorControl.h */,
				3F6B089C1DA8C71E00814A0F /* SAMultisectorControl.m */,
			);
			path = SettingView;
			sourceTree = "<group>";
		};
		3FBEB6971D9E36510092E47F /* Model */ = {
			isa = PBXGroup;
			children = (
				3FBEB6981D9E36510092E47F /* CityModel */,
			);
			path = Model;
			sourceTree = "<group>";
		};
		3FBEB6981D9E36510092E47F /* CityModel */ = {
			isa = PBXGroup;
			children = (
				3FBEB6991D9E36510092E47F /* CityInfoBaseClass.h */,
				3FBEB69A1D9E36510092E47F /* CityInfoBaseClass.m */,
				3FBEB69B1D9E36510092E47F /* CityInfoCityInfo.h */,
				3FBEB69C1D9E36510092E47F /* CityInfoCityInfo.m */,
				3FBEB69D1D9E36510092E47F /* CityInfoDataModels.h */,
			);
			path = CityModel;
			sourceTree = "<group>";
		};
		3FD3F81C1D9D465200736C0B /* Views */ = {
			isa = PBXGroup;
			children = (
				3FD3F81D1D9D471900736C0B /* FallsCollectionViewCell.h */,
				3FD3F81E1D9D471900736C0B /* FallsCollectionViewCell.m */,
				3FD3F81F1D9D471900736C0B /* FallsCollectionViewCell.xib */,
			);
			path = Views;
			sourceTree = "<group>";
		};
		3FD3F8221D9D498B00736C0B /* Settings */ = {
			isa = PBXGroup;
			children = (
				3FD3F8231D9D499E00736C0B /* Controllers */,
			);
			path = Settings;
			sourceTree = "<group>";
		};
		3FD3F8231D9D499E00736C0B /* Controllers */ = {
			isa = PBXGroup;
			children = (
				3FD3F8241D9D49DD00736C0B /* SettingViewController.h */,
				3FD3F8251D9D49DD00736C0B /* SettingViewController.m */,
				3FD3F8451D9E4E9200736C0B /* ChangeVoiceViewController.h */,
				3FD3F8461D9E4E9200736C0B /* ChangeVoiceViewController.m */,
				3F6B08A51DA8D15000814A0F /* ChangeVoiceViewController.xib */,
			);
			path = Controllers;
			sourceTree = "<group>";
		};
		3FD3F82C1D9DECAD00736C0B /* Models */ = {
			isa = PBXGroup;
			children = (
				3FD3F82D1D9DED0400736C0B /* NewsModel */,
			);
			path = Models;
			sourceTree = "<group>";
		};
		3FD3F82D1D9DED0400736C0B /* NewsModel */ = {
			isa = PBXGroup;
			children = (
				3FD3F82E1D9DED0400736C0B /* NewsDataModels.h */,
				3FD3F82F1D9DED0400736C0B /* NewsBaseClass.h */,
				3FD3F8301D9DED0400736C0B /* NewsBaseClass.m */,
				3FD3F8311D9DED0400736C0B /* NewsImgextra.h */,
				3FD3F8321D9DED0400736C0B /* NewsImgextra.m */,
				3FD3F8331D9DED0400736C0B /* NewsInternalBaseClass1.h */,
				3FD3F8341D9DED0400736C0B /* NewsInternalBaseClass1.m */,
				3FD3F8351D9DED0400736C0B /* NewsLiveInfo.h */,
				3FD3F8361D9DED0400736C0B /* NewsLiveInfo.m */,
				3FD3F8371D9DED0400736C0B /* NewsWapPortalV2.h */,
				3FD3F8381D9DED0400736C0B /* NewsWapPortalV2.m */,
			);
			path = NewsModel;
			sourceTree = "<group>";
		};
		3FFF3A4B1D9B9FC80069B4A7 = {
			isa = PBXGroup;
			children = (
				3FFF3A561D9B9FC80069B4A7 /* IntracloudWeather */,
				3FFF3A551D9B9FC80069B4A7 /* Products */,
				E86A1C1B473E67554793E60C /* Pods */,
				2CC08F67137B966E3E2B1E6E /* Frameworks */,
			);
			sourceTree = "<group>";
		};
		3FFF3A551D9B9FC80069B4A7 /* Products */ = {
			isa = PBXGroup;
			children = (
				3FFF3A541D9B9FC80069B4A7 /* IntracloudWeather.app */,
			);
			name = Products;
			sourceTree = "<group>";
		};
		3FFF3A561D9B9FC80069B4A7 /* IntracloudWeather */ = {
			isa = PBXGroup;
			children = (
				3F6B08761DA8B15800814A0F /* lib */,
				3F6B086E1DA8AFF600814A0F /* Base */,
				3F0385251D9C07A3004D5423 /* img */,
				3FFF3A711D9BAA0A0069B4A7 /* CodeClass */,
				3FFF3A6F1D9BA9BA0069B4A7 /* Tools */,
				3FFF3A5A1D9B9FC80069B4A7 /* AppDelegate.h */,
				3FFF3A5B1D9B9FC80069B4A7 /* AppDelegate.m */,
				3FFF3A601D9B9FC80069B4A7 /* Main.storyboard */,
				3FFF3A631D9B9FC80069B4A7 /* Assets.xcassets */,
				3FFF3A651D9B9FC80069B4A7 /* LaunchScreen.storyboard */,
				3F5433211DA9043000E4D290 /* hotCity.plist */,
				3FBEB6A41D9E4DE30092E47F /* mainCity.plist */,
				3FBEB6A61D9E4EFA0092E47F /* country.plist */,
				3FBEB6A21D9E36E40092E47F /* allchina.plist */,
				3FBEB6A01D9E36880092E47F /* cityData.plist */,
				3FFF3A681D9B9FC80069B4A7 /* Info.plist */,
				3FFF3A571D9B9FC80069B4A7 /* Supporting Files */,
			);
			path = IntracloudWeather;
			sourceTree = "<group>";
		};
		3FFF3A571D9B9FC80069B4A7 /* Supporting Files */ = {
			isa = PBXGroup;
			children = (
				3FFF3A581D9B9FC80069B4A7 /* main.m */,
			);
			name = "Supporting Files";
			sourceTree = "<group>";
		};
		3FFF3A6F1D9BA9BA0069B4A7 /* Tools */ = {
			isa = PBXGroup;
			children = (
				3FD3F8431D9E238E00736C0B /* style.css */,
				3FFF3A9C1D9BB4630069B4A7 /* ToolsHelper.h */,
				3FFF3A9D1D9BB55C0069B4A7 /* PrefixHeader.pch */,
				3F0384EF1D9BC6DB004D5423 /* UrlHeader.h */,
				3F0384EC1D9BC5F2004D5423 /* NetWorkRequest.h */,
				3F0384ED1D9BC5F2004D5423 /* NetWorkRequest.m */,
				3FFF3B221D9D43FD0069B4A7 /* Waterfall.h */,
				3FFF3B231D9D43FD0069B4A7 /* Waterfall.m */,
				F270AAA61D9F611A0051959A /* CityDetailDBManager.h */,
				F270AAA71D9F611A0051959A /* CityDetailDBManager.m */,
			);
			path = Tools;
			sourceTree = "<group>";
		};
		3FFF3A711D9BAA0A0069B4A7 /* CodeClass */ = {
			isa = PBXGroup;
			children = (
				3FD3F8221D9D498B00736C0B /* Settings */,
				3FFF3B1D1D9D42A80069B4A7 /* Scenery */,
				3FFF3B051D9CEE770069B4A7 /* Life */,
				3F0385171D9C0487004D5423 /* Menu */,
				3FFF3A751D9BABB60069B4A7 /* Weather */,
			);
			path = CodeClass;
			sourceTree = "<group>";
		};
		3FFF3A751D9BABB60069B4A7 /* Weather */ = {
			isa = PBXGroup;
			children = (
				3FFF3A771D9BAC280069B4A7 /* Views */,
				3FFF3A761D9BABD70069B4A7 /* Controllers */,
			);
			name = Weather;
			path = Weather/Controllers;
			sourceTree = "<group>";
		};
		3FFF3A761D9BABD70069B4A7 /* Controllers */ = {
			isa = PBXGroup;
			children = (
				3FFF3A961D9BB2230069B4A7 /* WeatherViewController.h */,
				3FFF3A971D9BB2230069B4A7 /* WeatherViewController.m */,
				3FFF3A981D9BB2230069B4A7 /* WeatherViewController.xib */,
			);
			name = Controllers;
			sourceTree = "<group>";
		};
		3FFF3A771D9BAC280069B4A7 /* Views */ = {
			isa = PBXGroup;
			children = (
				3FFF3A9E1D9BB9E00069B4A7 /* ViewController.h */,
				3FFF3A9F1D9BB9E00069B4A7 /* ViewController.m */,
				3FFF3ADE1D9BF82F0069B4A7 /* CurrentWeatherDetailsView.h */,
				3FFF3ADF1D9BF82F0069B4A7 /* CurrentWeatherDetailsView.m */,
				3FFF3AE01D9BF82F0069B4A7 /* CurrentWeatherDetailsView.xib */,
				3FFF3AE11D9BF82F0069B4A7 /* LeftWeatherDetailsView.h */,
				3FFF3AE21D9BF82F0069B4A7 /* LeftWeatherDetailsView.m */,
				3FFF3AE31D9BF82F0069B4A7 /* LeftWeatherDetailsView.xib */,
				3FFF3AE41D9BF82F0069B4A7 /* RightWeatherDetailsView.h */,
				3FFF3AE51D9BF82F0069B4A7 /* RightWeatherDetailsView.m */,
				3FFF3AE61D9BF82F0069B4A7 /* RightWeatherDetailsView.xib */,
				3FFF3AF61D9CAE050069B4A7 /* TodayWeatherView.h */,
				3FFF3AF71D9CAE050069B4A7 /* TodayWeatherView.m */,
				3FFF3AF91D9CAE140069B4A7 /* TodayWeatherView.xib */,
				3FFF3AFB1D9CAE9F0069B4A7 /* TomorrowWwatherView.h */,
				3FFF3AFC1D9CAE9F0069B4A7 /* TomorrowWwatherView.m */,
				3FFF3AFE1D9CAEB20069B4A7 /* TomorrowWwatherView.xib */,
				3FFF3B001D9CB0320069B4A7 /* ThirddayWeatherView.h */,
				3FFF3B011D9CB0320069B4A7 /* ThirddayWeatherView.m */,
				3FFF3B031D9CB0490069B4A7 /* ThirddayWeatherView.xib */,
				3FD3F8271D9D504F00736C0B /* XYtodayCollectionViewCell.h */,
				3FD3F8281D9D504F00736C0B /* XYtodayCollectionViewCell.m */,
				3FD3F8291D9D504F00736C0B /* XYtodayCollectionViewCell.xib */,
			);
			name = Views;
			path = ..;
			sourceTree = "<group>";
		};
		3FFF3B051D9CEE770069B4A7 /* Life */ = {
			isa = PBXGroup;
			children = (
				3FD3F82C1D9DECAD00736C0B /* Models */,
				3FFF3B0A1D9CF4740069B4A7 /* Controllers */,
				3FFF3B091D9CF4400069B4A7 /* Views */,
				3FFF3B061D9CEEFC0069B4A7 /* LifeViewController.h */,
				3FFF3B071D9CEEFC0069B4A7 /* LifeViewController.m */,
			);
			path = Life;
			sourceTree = "<group>";
		};
		3FFF3B091D9CF4400069B4A7 /* Views */ = {
			isa = PBXGroup;
			children = (
				3FFF3B0B1D9CF4D00069B4A7 /* LifeTableViewCell.h */,
				3FFF3B0C1D9CF4D00069B4A7 /* LifeTableViewCell.m */,
				3FFF3B0D1D9CF4D00069B4A7 /* LifeTableViewCell.xib */,
				3FFF3B131D9D07F40069B4A7 /* HeaderCollectionViewCell.h */,
				3FFF3B141D9D07F40069B4A7 /* HeaderCollectionViewCell.m */,
				3FFF3B151D9D07F40069B4A7 /* HeaderCollectionViewCell.xib */,
				3FFF3B181D9D12CF0069B4A7 /* ItemView.h */,
				3FFF3B191D9D12CF0069B4A7 /* ItemView.m */,
				3FFF3B1B1D9D12E20069B4A7 /* ItemView.xib */,
			);
			path = Views;
			sourceTree = "<group>";
		};
		3FFF3B0A1D9CF4740069B4A7 /* Controllers */ = {
			isa = PBXGroup;
			children = (
				3FFF3B101D9CF8690069B4A7 /* NewsDetailsViewController.h */,
				3FFF3B111D9CF8690069B4A7 /* NewsDetailsViewController.m */,
			);
			path = Controllers;
			sourceTree = "<group>";
		};
		3FFF3B1D1D9D42A80069B4A7 /* Scenery */ = {
			isa = PBXGroup;
			children = (
				3FD3F81C1D9D465200736C0B /* Views */,
				3FFF3B1E1D9D42C10069B4A7 /* Controllers */,
			);
			path = Scenery;
			sourceTree = "<group>";
		};
		3FFF3B1E1D9D42C10069B4A7 /* Controllers */ = {
			isa = PBXGroup;
			children = (
				3FFF3B1F1D9D43090069B4A7 /* SceneryViewController.h */,
				3FFF3B201D9D43090069B4A7 /* SceneryViewController.m */,
			);
			path = Controllers;
			sourceTree = "<group>";
		};
		E86A1C1B473E67554793E60C /* Pods */ = {
			isa = PBXGroup;
			children = (
				85A146919A3B73C8FCAFEE05 /* Pods-IntracloudWeather.debug.xcconfig */,
				70DCDCC920066136E11B5CB8 /* Pods-IntracloudWeather.release.xcconfig */,
			);
			name = Pods;
			sourceTree = "<group>";
		};
/* End PBXGroup section */

/* Begin PBXNativeTarget section */
		3FFF3A531D9B9FC80069B4A7 /* IntracloudWeather */ = {
			isa = PBXNativeTarget;
			buildConfigurationList = 3FFF3A6B1D9B9FC80069B4A7 /* Build configuration list for PBXNativeTarget "IntracloudWeather" */;
			buildPhases = (
				511BF5478C9EEB0C095C4119 /* 📦 Check Pods Manifest.lock */,
				3FFF3A501D9B9FC80069B4A7 /* Sources */,
				3FFF3A511D9B9FC80069B4A7 /* Frameworks */,
				3FFF3A521D9B9FC80069B4A7 /* Resources */,
				1B3296AF7358ED65D2B08A5C /* 📦 Embed Pods Frameworks */,
				0CA91E46740956BEFB9E3A89 /* 📦 Copy Pods Resources */,
			);
			buildRules = (
			);
			dependencies = (
			);
			name = IntracloudWeather;
			productName = IntracloudWeather;
			productReference = 3FFF3A541D9B9FC80069B4A7 /* IntracloudWeather.app */;
			productType = "com.apple.product-type.application";
		};
/* End PBXNativeTarget section */

/* Begin PBXProject section */
		3FFF3A4C1D9B9FC80069B4A7 /* Project object */ = {
			isa = PBXProject;
			attributes = {
				LastUpgradeCheck = 0800;
				ORGANIZATIONNAME = guangjia;
				TargetAttributes = {
					3FFF3A531D9B9FC80069B4A7 = {
						CreatedOnToolsVersion = 8.0;
						ProvisioningStyle = Automatic;
					};
				};
			};
			buildConfigurationList = 3FFF3A4F1D9B9FC80069B4A7 /* Build configuration list for PBXProject "IntracloudWeather" */;
			compatibilityVersion = "Xcode 3.2";
			developmentRegion = English;
			hasScannedForEncodings = 0;
			knownRegions = (
				en,
				Base,
			);
			mainGroup = 3FFF3A4B1D9B9FC80069B4A7;
			productRefGroup = 3FFF3A551D9B9FC80069B4A7 /* Products */;
			projectDirPath = "";
			projectRoot = "";
			targets = (
				3FFF3A531D9B9FC80069B4A7 /* IntracloudWeather */,
			);
		};
/* End PBXProject section */

/* Begin PBXResourcesBuildPhase section */
		3FFF3A521D9B9FC80069B4A7 /* Resources */ = {
			isa = PBXResourcesBuildPhase;
			buildActionMask = 2147483647;
			files = (
				3F5433201DA9040500E4D290 /* 添加.png in Resources */,
				3FBEB6A71D9E4EFA0092E47F /* country.plist in Resources */,
				3F0385381D9CA6AC004D5423 /* 加号.png in Resources */,
				3F03852F1D9C07DF004D5423 /* 天气.png in Resources */,
				3FFF3AEC1D9BF82F0069B4A7 /* RightWeatherDetailsView.xib in Resources */,
				3FFF3AF51D9CAB050069B4A7 /* 加号16.png in Resources */,
				3FBEB6A31D9E36E40092E47F /* allchina.plist in Resources */,
				3FFF3B041D9CB0490069B4A7 /* ThirddayWeatherView.xib in Resources */,
				3FBEB6A51D9E4DE30092E47F /* mainCity.plist in Resources */,
				3F03852B1D9C07DF004D5423 /* 趋势.png in Resources */,
				3F5433271DA9045F00E4D290 /* AddCollectionViewCell.xib in Resources */,
				3FD3F8211D9D471900736C0B /* FallsCollectionViewCell.xib in Resources */,
				3FBEB6A11D9E36880092E47F /* cityData.plist in Resources */,
				3F0385341D9C1099004D5423 /* AddCitysCollectionViewCell.xib in Resources */,
				3FFF3A671D9B9FC80069B4A7 /* LaunchScreen.storyboard in Resources */,
				3FFF3B171D9D07F40069B4A7 /* HeaderCollectionViewCell.xib in Resources */,
				3FFF3AE81D9BF82F0069B4A7 /* CurrentWeatherDetailsView.xib in Resources */,
				3F03852D1D9C07DF004D5423 /* 生活.png in Resources */,
				3F0385481D9CEA8A004D5423 /* MoreCityTableViewCell.xib in Resources */,
				3FFF3A9A1D9BB2230069B4A7 /* WeatherViewController.xib in Resources */,
				3FFF3AFF1D9CAEB20069B4A7 /* TomorrowWwatherView.xib in Resources */,
				3FD3F82B1D9D504F00736C0B /* XYtodayCollectionViewCell.xib in Resources */,
				3F03852E1D9C07DF004D5423 /* 实景.png in Resources */,
				3F03852C1D9C07DF004D5423 /* 设置.png in Resources */,
				3F5433221DA9043000E4D290 /* hotCity.plist in Resources */,
				3F0385361D9C9EBF004D5423 /* 图片.png in Resources */,
				3F0385551D9CF527004D5423 /* DetailCityTableViewCell.xib in Resources */,
				3FFF3AEA1D9BF82F0069B4A7 /* LeftWeatherDetailsView.xib in Resources */,
				3FFF3A641D9B9FC80069B4A7 /* Assets.xcassets in Resources */,
				3F03851D1D9C04B1004D5423 /* MenuTableViewCell.xib in Resources */,
				3FFF3B0F1D9CF4D00069B4A7 /* LifeTableViewCell.xib in Resources */,
				3F03854A1D9CEB3A004D5423 /* 向右.png in Resources */,
				3F6B08A61DA8D15000814A0F /* ChangeVoiceViewController.xib in Resources */,
				3FD3F8441D9E238E00736C0B /* style.css in Resources */,
				3FFF3A621D9B9FC80069B4A7 /* Main.storyboard in Resources */,
				3FFF3AFA1D9CAE140069B4A7 /* TodayWeatherView.xib in Resources */,
				3FFF3B1C1D9D12E20069B4A7 /* ItemView.xib in Resources */,
			);
			runOnlyForDeploymentPostprocessing = 0;
		};
/* End PBXResourcesBuildPhase section */

/* Begin PBXShellScriptBuildPhase section */
		0CA91E46740956BEFB9E3A89 /* 📦 Copy Pods Resources */ = {
			isa = PBXShellScriptBuildPhase;
			buildActionMask = 2147483647;
			files = (
			);
			inputPaths = (
			);
			name = "📦 Copy Pods Resources";
			outputPaths = (
			);
			runOnlyForDeploymentPostprocessing = 0;
			shellPath = /bin/sh;
			shellScript = "\"${SRCROOT}/Pods/Target Support Files/Pods-IntracloudWeather/Pods-IntracloudWeather-resources.sh\"\n";
			showEnvVarsInLog = 0;
		};
		1B3296AF7358ED65D2B08A5C /* 📦 Embed Pods Frameworks */ = {
			isa = PBXShellScriptBuildPhase;
			buildActionMask = 2147483647;
			files = (
			);
			inputPaths = (
			);
			name = "📦 Embed Pods Frameworks";
			outputPaths = (
			);
			runOnlyForDeploymentPostprocessing = 0;
			shellPath = /bin/sh;
			shellScript = "\"${SRCROOT}/Pods/Target Support Files/Pods-IntracloudWeather/Pods-IntracloudWeather-frameworks.sh\"\n";
			showEnvVarsInLog = 0;
		};
		511BF5478C9EEB0C095C4119 /* 📦 Check Pods Manifest.lock */ = {
			isa = PBXShellScriptBuildPhase;
			buildActionMask = 2147483647;
			files = (
			);
			inputPaths = (
			);
			name = "📦 Check Pods Manifest.lock";
			outputPaths = (
			);
			runOnlyForDeploymentPostprocessing = 0;
			shellPath = /bin/sh;
			shellScript = "diff \"${PODS_ROOT}/../Podfile.lock\" \"${PODS_ROOT}/Manifest.lock\" > /dev/null\nif [[ $? != 0 ]] ; then\n    cat << EOM\nerror: The sandbox is not in sync with the Podfile.lock. Run 'pod install' or update your CocoaPods installation.\nEOM\n    exit 1\nfi\n";
			showEnvVarsInLog = 0;
		};
/* End PBXShellScriptBuildPhase section */

/* Begin PBXSourcesBuildPhase section */
		3FFF3A501D9B9FC80069B4A7 /* Sources */ = {
			isa = PBXSourcesBuildPhase;
			buildActionMask = 2147483647;
			files = (
				3F0385581D9CF919004D5423 /* ForeignCitysViewController.m in Sources */,
				3FFF3AA01D9BB9E00069B4A7 /* ViewController.m in Sources */,
				3F5433261DA9045F00E4D290 /* AddCollectionViewCell.m in Sources */,
				3FFF3B021D9CB0320069B4A7 /* ThirddayWeatherView.m in Sources */,
				3F6B08911DA8B39300814A0F /* AlertView.m in Sources */,
				3FD3F83C1D9DED0400736C0B /* NewsLiveInfo.m in Sources */,
				3FFF3B211D9D43090069B4A7 /* SceneryViewController.m in Sources */,
				3FFF3A991D9BB2230069B4A7 /* WeatherViewController.m in Sources */,
				3F6B089D1DA8C71E00814A0F /* AKPickerView.m in Sources */,
				3FD3F8201D9D471900736C0B /* FallsCollectionViewCell.m in Sources */,
				3FFF3B161D9D07F40069B4A7 /* HeaderCollectionViewCell.m in Sources */,
				3F0385471D9CEA8A004D5423 /* MoreCityTableViewCell.m in Sources */,
				3FFF3A5C1D9B9FC80069B4A7 /* AppDelegate.m in Sources */,
				F270AAA81D9F611A0051959A /* CityDetailDBManager.m in Sources */,
				3F0385331D9C1099004D5423 /* AddCitysCollectionViewCell.m in Sources */,
				3F0385401D9CCFD4004D5423 /* HotCityViewController.m in Sources */,
				3FBEB6AA1D9E536B0092E47F /* ForeignCityViewController.m in Sources */,
				3F0385541D9CF527004D5423 /* DetailCityTableViewCell.m in Sources */,
				3F6B089E1DA8C71E00814A0F /* SAMath.m in Sources */,
				3FFF3AE71D9BF82F0069B4A7 /* CurrentWeatherDetailsView.m in Sources */,
				3F0385241D9C0533004D5423 /* RightMenViewController.m in Sources */,
				3FBEB69F1D9E36510092E47F /* CityInfoCityInfo.m in Sources */,
				3FD3F83D1D9DED0400736C0B /* NewsWapPortalV2.m in Sources */,
				3FFF3AF81D9CAE050069B4A7 /* TodayWeatherView.m in Sources */,
				3FFF3AEB1D9BF82F0069B4A7 /* RightWeatherDetailsView.m in Sources */,
				3FD3F8471D9E4E9200736C0B /* ChangeVoiceViewController.m in Sources */,
				3FBEB69E1D9E36510092E47F /* CityInfoBaseClass.m in Sources */,
				3F0385431D9CE8FF004D5423 /* MoreCitysViewController.m in Sources */,
				3FD3F82A1D9D504F00736C0B /* XYtodayCollectionViewCell.m in Sources */,
				3F0384EE1D9BC5F2004D5423 /* NetWorkRequest.m in Sources */,
				3FFF3B121D9CF8690069B4A7 /* NewsDetailsViewController.m in Sources */,
				3FFF3B0E1D9CF4D00069B4A7 /* LifeTableViewCell.m in Sources */,
				3FFF3A591D9B9FC80069B4A7 /* main.m in Sources */,
				3FFF3B241D9D43FD0069B4A7 /* Waterfall.m in Sources */,
				3FFF3AFD1D9CAE9F0069B4A7 /* TomorrowWwatherView.m in Sources */,
				3FD3F83A1D9DED0400736C0B /* NewsImgextra.m in Sources */,
				3FD3F8391D9DED0400736C0B /* NewsBaseClass.m in Sources */,
				3F03851C1D9C04B1004D5423 /* MenuTableViewCell.m in Sources */,
				3FFF3B1A1D9D12CF0069B4A7 /* ItemView.m in Sources */,
				3F03854D1D9CF44D004D5423 /* DetailCityInfoViewController.m in Sources */,
				3F0385231D9C0533004D5423 /* LeftMenuViewController.m in Sources */,
				3FFF3B081D9CEEFC0069B4A7 /* LifeViewController.m in Sources */,
				3F6B089F1DA8C71E00814A0F /* SAMultisectorControl.m in Sources */,
				3FFF3AE91D9BF82F0069B4A7 /* LeftWeatherDetailsView.m in Sources */,
				3F6B08751DA8B0E100814A0F /* TTSConfig.m in Sources */,
				3FD3F8261D9D49DD00736C0B /* SettingViewController.m in Sources */,
				3FD3F83B1D9DED0400736C0B /* NewsInternalBaseClass1.m in Sources */,
				3F6B08951DA8B3D000814A0F /* PcmPlayer.m in Sources */,
			);
			runOnlyForDeploymentPostprocessing = 0;
		};
/* End PBXSourcesBuildPhase section */

/* Begin PBXVariantGroup section */
		3FFF3A601D9B9FC80069B4A7 /* Main.storyboard */ = {
			isa = PBXVariantGroup;
			children = (
				3FFF3A611D9B9FC80069B4A7 /* Base */,
			);
			name = Main.storyboard;
			sourceTree = "<group>";
		};
		3FFF3A651D9B9FC80069B4A7 /* LaunchScreen.storyboard */ = {
			isa = PBXVariantGroup;
			children = (
				3FFF3A661D9B9FC80069B4A7 /* Base */,
			);
			name = LaunchScreen.storyboard;
			sourceTree = "<group>";
		};
/* End PBXVariantGroup section */

/* Begin XCBuildConfiguration section */
		3FFF3A691D9B9FC80069B4A7 /* Debug */ = {
			isa = XCBuildConfiguration;
			buildSettings = {
				ALWAYS_SEARCH_USER_PATHS = NO;
				CLANG_ANALYZER_NONNULL = YES;
				CLANG_CXX_LANGUAGE_STANDARD = "gnu++0x";
				CLANG_CXX_LIBRARY = "libc++";
				CLANG_ENABLE_MODULES = YES;
				CLANG_ENABLE_OBJC_ARC = YES;
				CLANG_WARN_BOOL_CONVERSION = YES;
				CLANG_WARN_CONSTANT_CONVERSION = YES;
				CLANG_WARN_DIRECT_OBJC_ISA_USAGE = YES_ERROR;
				CLANG_WARN_DOCUMENTATION_COMMENTS = YES;
				CLANG_WARN_EMPTY_BODY = YES;
				CLANG_WARN_ENUM_CONVERSION = YES;
				CLANG_WARN_INFINITE_RECURSION = YES;
				CLANG_WARN_INT_CONVERSION = YES;
				CLANG_WARN_OBJC_ROOT_CLASS = YES_ERROR;
				CLANG_WARN_SUSPICIOUS_MOVES = YES;
				CLANG_WARN_UNREACHABLE_CODE = YES;
				CLANG_WARN__DUPLICATE_METHOD_MATCH = YES;
				"CODE_SIGN_IDENTITY[sdk=iphoneos*]" = "iPhone Developer";
				COPY_PHASE_STRIP = NO;
				DEBUG_INFORMATION_FORMAT = dwarf;
				ENABLE_STRICT_OBJC_MSGSEND = YES;
				ENABLE_TESTABILITY = YES;
				GCC_C_LANGUAGE_STANDARD = gnu99;
				GCC_DYNAMIC_NO_PIC = NO;
				GCC_NO_COMMON_BLOCKS = YES;
				GCC_OPTIMIZATION_LEVEL = 0;
				GCC_PREPROCESSOR_DEFINITIONS = (
					"DEBUG=1",
					"$(inherited)",
				);
				GCC_WARN_64_TO_32_BIT_CONVERSION = YES;
				GCC_WARN_ABOUT_RETURN_TYPE = YES_ERROR;
				GCC_WARN_UNDECLARED_SELECTOR = YES;
				GCC_WARN_UNINITIALIZED_AUTOS = YES_AGGRESSIVE;
				GCC_WARN_UNUSED_FUNCTION = YES;
				GCC_WARN_UNUSED_VARIABLE = YES;
				IPHONEOS_DEPLOYMENT_TARGET = 10.0;
				MTL_ENABLE_DEBUG_INFO = YES;
				ONLY_ACTIVE_ARCH = YES;
				SDKROOT = iphoneos;
			};
			name = Debug;
		};
		3FFF3A6A1D9B9FC80069B4A7 /* Release */ = {
			isa = XCBuildConfiguration;
			buildSettings = {
				ALWAYS_SEARCH_USER_PATHS = NO;
				CLANG_ANALYZER_NONNULL = YES;
				CLANG_CXX_LANGUAGE_STANDARD = "gnu++0x";
				CLANG_CXX_LIBRARY = "libc++";
				CLANG_ENABLE_MODULES = YES;
				CLANG_ENABLE_OBJC_ARC = YES;
				CLANG_WARN_BOOL_CONVERSION = YES;
				CLANG_WARN_CONSTANT_CONVERSION = YES;
				CLANG_WARN_DIRECT_OBJC_ISA_USAGE = YES_ERROR;
				CLANG_WARN_DOCUMENTATION_COMMENTS = YES;
				CLANG_WARN_EMPTY_BODY = YES;
				CLANG_WARN_ENUM_CONVERSION = YES;
				CLANG_WARN_INFINITE_RECURSION = YES;
				CLANG_WARN_INT_CONVERSION = YES;
				CLANG_WARN_OBJC_ROOT_CLASS = YES_ERROR;
				CLANG_WARN_SUSPICIOUS_MOVES = YES;
				CLANG_WARN_UNREACHABLE_CODE = YES;
				CLANG_WARN__DUPLICATE_METHOD_MATCH = YES;
				"CODE_SIGN_IDENTITY[sdk=iphoneos*]" = "iPhone Developer";
				COPY_PHASE_STRIP = NO;
				DEBUG_INFORMATION_FORMAT = "dwarf-with-dsym";
				ENABLE_NS_ASSERTIONS = NO;
				ENABLE_STRICT_OBJC_MSGSEND = YES;
				GCC_C_LANGUAGE_STANDARD = gnu99;
				GCC_NO_COMMON_BLOCKS = YES;
				GCC_WARN_64_TO_32_BIT_CONVERSION = YES;
				GCC_WARN_ABOUT_RETURN_TYPE = YES_ERROR;
				GCC_WARN_UNDECLARED_SELECTOR = YES;
				GCC_WARN_UNINITIALIZED_AUTOS = YES_AGGRESSIVE;
				GCC_WARN_UNUSED_FUNCTION = YES;
				GCC_WARN_UNUSED_VARIABLE = YES;
				IPHONEOS_DEPLOYMENT_TARGET = 10.0;
				MTL_ENABLE_DEBUG_INFO = NO;
				SDKROOT = iphoneos;
				VALIDATE_PRODUCT = YES;
			};
			name = Release;
		};
		3FFF3A6C1D9B9FC80069B4A7 /* Debug */ = {
			isa = XCBuildConfiguration;
			baseConfigurationReference = 85A146919A3B73C8FCAFEE05 /* Pods-IntracloudWeather.debug.xcconfig */;
			buildSettings = {
				ASSETCATALOG_COMPILER_APPICON_NAME = AppIcon;
				FRAMEWORK_SEARCH_PATHS = (
					"$(inherited)",
					"$(PROJECT_DIR)/IntracloudWeather/lib",
				);
				GCC_PRECOMPILE_PREFIX_HEADER = YES;
				GCC_PREFIX_HEADER = "$(SRCROOT)/IntracloudWeather/Tools/PrefixHeader.pch";
				INFOPLIST_FILE = IntracloudWeather/Info.plist;
				IPHONEOS_DEPLOYMENT_TARGET = 10.0;
				LD_RUNPATH_SEARCH_PATHS = "$(inherited) @executable_path/Frameworks";
				PRODUCT_BUNDLE_IDENTIFIER = llll.IntracloudWeather;
				PRODUCT_NAME = "$(TARGET_NAME)";
				TARGETED_DEVICE_FAMILY = 1;
			};
			name = Debug;
		};
		3FFF3A6D1D9B9FC80069B4A7 /* Release */ = {
			isa = XCBuildConfiguration;
			baseConfigurationReference = 70DCDCC920066136E11B5CB8 /* Pods-IntracloudWeather.release.xcconfig */;
			buildSettings = {
				ASSETCATALOG_COMPILER_APPICON_NAME = AppIcon;
				FRAMEWORK_SEARCH_PATHS = (
					"$(inherited)",
					"$(PROJECT_DIR)/IntracloudWeather/lib",
				);
				GCC_PRECOMPILE_PREFIX_HEADER = YES;
				GCC_PREFIX_HEADER = "$(SRCROOT)/IntracloudWeather/Tools/PrefixHeader.pch";
				INFOPLIST_FILE = IntracloudWeather/Info.plist;
				IPHONEOS_DEPLOYMENT_TARGET = 10.0;
				LD_RUNPATH_SEARCH_PATHS = "$(inherited) @executable_path/Frameworks";
				PRODUCT_BUNDLE_IDENTIFIER = llll.IntracloudWeather;
				PRODUCT_NAME = "$(TARGET_NAME)";
				TARGETED_DEVICE_FAMILY = 1;
			};
			name = Release;
		};
/* End XCBuildConfiguration section */

/* Begin XCConfigurationList section */
		3FFF3A4F1D9B9FC80069B4A7 /* Build configuration list for PBXProject "IntracloudWeather" */ = {
			isa = XCConfigurationList;
			buildConfigurations = (
				3FFF3A691D9B9FC80069B4A7 /* Debug */,
				3FFF3A6A1D9B9FC80069B4A7 /* Release */,
			);
			defaultConfigurationIsVisible = 0;
			defaultConfigurationName = Release;
		};
		3FFF3A6B1D9B9FC80069B4A7 /* Build configuration list for PBXNativeTarget "IntracloudWeather" */ = {
			isa = XCConfigurationList;
			buildConfigurations = (
				3FFF3A6C1D9B9FC80069B4A7 /* Debug */,
				3FFF3A6D1D9B9FC80069B4A7 /* Release */,
			);
			defaultConfigurationIsVisible = 0;
			defaultConfigurationName = Release;
		};
/* End XCConfigurationList section */
	};
	rootObject = 3FFF3A4C1D9B9FC80069B4A7 /* Project object */;
}
